{
  "version": 4,
  "terraform_version": "1.9.8",
  "serial": 587,
  "lineage": "f0aeae36-3190-ebd3-1fc1-b8853dfe8ad6",
  "outputs": {
    "api_url": {
      "value": "https://api.credix.pixelbreeders.com",
      "type": "string"
    },
    "cdn_domain_name": {
      "value": "d1per6gb57x7vt.cloudfront.net",
      "type": "string"
    }
  },
  "resources": [
    {
      "mode": "data",
      "type": "aws_iam_policy_document",
      "name": "bucket_policy",
      "provider": "provider[\"registry.terraform.io/hashicorp/aws\"]",
      "instances": [
        {
          "schema_version": 0,
          "attributes": {
            "id": "3916501985",
            "json": "{\n  \"Version\": \"2012-10-17\",\n  \"Statement\": [\n    {\n      \"Sid\": \"AllowCloudFrontServicePrincipalReadOnly\",\n      \"Effect\": \"Allow\",\n      \"Action\": \"s3:GetObject\",\n      \"Resource\": \"arn:aws:s3:::terraform-credix-case-fabricio-ga3ok8su-bucket/*\",\n      \"Principal\": {\n        \"CanonicalUser\": \"96f327e6085e877b6ae6451a13224d3f76170d4c0e0513b5bc7735e27e59f6197fb22dbaddba7ae88eebdcbaddde1ddf\"\n      }\n    }\n  ]\n}",
            "minified_json": "{\"Version\":\"2012-10-17\",\"Statement\":[{\"Sid\":\"AllowCloudFrontServicePrincipalReadOnly\",\"Effect\":\"Allow\",\"Action\":\"s3:GetObject\",\"Resource\":\"arn:aws:s3:::terraform-credix-case-fabricio-ga3ok8su-bucket/*\",\"Principal\":{\"CanonicalUser\":\"96f327e6085e877b6ae6451a13224d3f76170d4c0e0513b5bc7735e27e59f6197fb22dbaddba7ae88eebdcbaddde1ddf\"}}]}",
            "override_json": null,
            "override_policy_documents": null,
            "policy_id": null,
            "source_json": null,
            "source_policy_documents": null,
            "statement": [
              {
                "actions": [
                  "s3:GetObject"
                ],
                "condition": [],
                "effect": "Allow",
                "not_actions": [],
                "not_principals": [],
                "not_resources": [],
                "principals": [
                  {
                    "identifiers": [
                      "96f327e6085e877b6ae6451a13224d3f76170d4c0e0513b5bc7735e27e59f6197fb22dbaddba7ae88eebdcbaddde1ddf"
                    ],
                    "type": "CanonicalUser"
                  }
                ],
                "resources": [
                  "arn:aws:s3:::terraform-credix-case-fabricio-ga3ok8su-bucket/*"
                ],
                "sid": "AllowCloudFrontServicePrincipalReadOnly"
              }
            ],
            "version": "2012-10-17"
          },
          "sensitive_attributes": []
        }
      ]
    },
    {
      "mode": "data",
      "type": "aws_subnets",
      "name": "default",
      "provider": "provider[\"registry.terraform.io/hashicorp/aws\"]",
      "instances": [
        {
          "schema_version": 0,
          "attributes": {
            "filter": [
              {
                "name": "vpc-id",
                "values": [
                  "vpc-042eae7290a30c590"
                ]
              }
            ],
            "id": "us-east-1",
            "ids": [
              "subnet-098f00cc96d15bb32",
              "subnet-0d4ff7f9ce35d2bb1",
              "subnet-02b4a0b23f33a1f9b",
              "subnet-08895f9343196ac0b",
              "subnet-03cd2182cf5e867f4",
              "subnet-012c9a888d98f4ab8"
            ],
            "tags": null,
            "timeouts": null
          },
          "sensitive_attributes": []
        }
      ]
    },
    {
      "mode": "data",
      "type": "aws_vpc",
      "name": "default",
      "provider": "provider[\"registry.terraform.io/hashicorp/aws\"]",
      "instances": [
        {
          "schema_version": 0,
          "attributes": {
            "arn": "arn:aws:ec2:us-east-1:481665116783:vpc/vpc-042eae7290a30c590",
            "cidr_block": "172.31.0.0/16",
            "cidr_block_associations": [
              {
                "association_id": "vpc-cidr-assoc-0f253e2135622af92",
                "cidr_block": "172.31.0.0/16",
                "state": "associated"
              }
            ],
            "default": true,
            "dhcp_options_id": "dopt-06668845a99db806a",
            "enable_dns_hostnames": true,
            "enable_dns_support": true,
            "enable_network_address_usage_metrics": false,
            "filter": null,
            "id": "vpc-042eae7290a30c590",
            "instance_tenancy": "default",
            "ipv6_association_id": "",
            "ipv6_cidr_block": "",
            "main_route_table_id": "rtb-0245f2314e672c5ea",
            "owner_id": "481665116783",
            "state": null,
            "tags": {},
            "timeouts": null
          },
          "sensitive_attributes": []
        }
      ]
    },
    {
      "mode": "managed",
      "type": "aws_acm_certificate",
      "name": "api_cert",
      "provider": "provider[\"registry.terraform.io/hashicorp/aws\"].us_east_1",
      "instances": [
        {
          "schema_version": 0,
          "attributes": {
            "arn": "arn:aws:acm:us-east-1:481665116783:certificate/4996eccc-12e0-4313-8992-1ed98c3203dc",
            "certificate_authority_arn": "",
            "certificate_body": null,
            "certificate_chain": null,
            "domain_name": "api.credix.pixelbreeders.com",
            "domain_validation_options": [
              {
                "domain_name": "api.credix.pixelbreeders.com",
                "resource_record_name": "_6080aaf3976c28ab69ef9cced0d0da61.api.credix.pixelbreeders.com.",
                "resource_record_type": "CNAME",
                "resource_record_value": "_fcb4aa800edcd0b3dc63dc8cafe3d755.zfyfvmchrl.acm-validations.aws."
              }
            ],
            "early_renewal_duration": "",
            "id": "arn:aws:acm:us-east-1:481665116783:certificate/4996eccc-12e0-4313-8992-1ed98c3203dc",
            "key_algorithm": "RSA_2048",
            "not_after": "",
            "not_before": "",
            "options": [
              {
                "certificate_transparency_logging_preference": "ENABLED"
              }
            ],
            "pending_renewal": false,
            "private_key": null,
            "renewal_eligibility": "INELIGIBLE",
            "renewal_summary": [],
            "status": "PENDING_VALIDATION",
            "subject_alternative_names": [
              "api.credix.pixelbreeders.com"
            ],
            "tags": null,
            "tags_all": {},
            "type": "AMAZON_ISSUED",
            "validation_emails": [],
            "validation_method": "DNS",
            "validation_option": []
          },
          "sensitive_attributes": [
            [
              {
                "type": "get_attr",
                "value": "private_key"
              }
            ]
          ],
          "private": "bnVsbA==",
          "create_before_destroy": true
        }
      ]
    },
    {
      "mode": "managed",
      "type": "aws_acm_certificate",
      "name": "certificate",
      "provider": "provider[\"registry.terraform.io/hashicorp/aws\"].us_east_1",
      "instances": [
        {
          "schema_version": 0,
          "attributes": {
            "arn": "arn:aws:acm:us-east-1:481665116783:certificate/e9cfbc3d-9abf-430b-992a-054d6cf19ac8",
            "certificate_authority_arn": "",
            "certificate_body": null,
            "certificate_chain": null,
            "domain_name": "credix.pixelbreeders.com",
            "domain_validation_options": [
              {
                "domain_name": "credix.pixelbreeders.com",
                "resource_record_name": "_e3394d2517e1dece7881ab1ad1e62aa5.credix.pixelbreeders.com.",
                "resource_record_type": "CNAME",
                "resource_record_value": "_28ccb57428dbd7e9250333c5476b471d.zfyfvmchrl.acm-validations.aws."
              }
            ],
            "early_renewal_duration": "",
            "id": "arn:aws:acm:us-east-1:481665116783:certificate/e9cfbc3d-9abf-430b-992a-054d6cf19ac8",
            "key_algorithm": "RSA_2048",
            "not_after": "",
            "not_before": "",
            "options": [
              {
                "certificate_transparency_logging_preference": "ENABLED"
              }
            ],
            "pending_renewal": false,
            "private_key": null,
            "renewal_eligibility": "INELIGIBLE",
            "renewal_summary": [],
            "status": "PENDING_VALIDATION",
            "subject_alternative_names": [
              "credix.pixelbreeders.com"
            ],
            "tags": null,
            "tags_all": {},
            "type": "AMAZON_ISSUED",
            "validation_emails": [],
            "validation_method": "DNS",
            "validation_option": []
          },
          "sensitive_attributes": [
            [
              {
                "type": "get_attr",
                "value": "private_key"
              }
            ]
          ],
          "private": "bnVsbA==",
          "create_before_destroy": true
        }
      ]
    },
    {
      "mode": "managed",
      "type": "aws_acm_certificate_validation",
      "name": "api_cert_validation",
      "provider": "provider[\"registry.terraform.io/hashicorp/aws\"].us_east_1",
      "instances": [
        {
          "schema_version": 0,
          "attributes": {
            "certificate_arn": "arn:aws:acm:us-east-1:481665116783:certificate/4996eccc-12e0-4313-8992-1ed98c3203dc",
            "id": "2025-02-19 00:37:14.503 +0000 UTC",
            "timeouts": null,
            "validation_record_fqdns": [
              "_6080aaf3976c28ab69ef9cced0d0da61.api.credix.pixelbreeders.com"
            ]
          },
          "sensitive_attributes": [],
          "private": "eyJlMmJmYjczMC1lY2FhLTExZTYtOGY4OC0zNDM2M2JjN2M0YzAiOnsiY3JlYXRlIjo0NTAwMDAwMDAwMDAwfX0=",
          "dependencies": [
            "aws_acm_certificate.api_cert",
            "aws_route53_record.api_cert_validation"
          ]
        }
      ]
    },
    {
      "mode": "managed",
      "type": "aws_acm_certificate_validation",
      "name": "certificate_validation",
      "provider": "provider[\"registry.terraform.io/hashicorp/aws\"].us_east_1",
      "instances": [
        {
          "schema_version": 0,
          "attributes": {
            "certificate_arn": "arn:aws:acm:us-east-1:481665116783:certificate/e9cfbc3d-9abf-430b-992a-054d6cf19ac8",
            "id": "2025-02-19 00:37:14.454 +0000 UTC",
            "timeouts": null,
            "validation_record_fqdns": [
              "_e3394d2517e1dece7881ab1ad1e62aa5.credix.pixelbreeders.com"
            ]
          },
          "sensitive_attributes": [],
          "private": "eyJlMmJmYjczMC1lY2FhLTExZTYtOGY4OC0zNDM2M2JjN2M0YzAiOnsiY3JlYXRlIjo0NTAwMDAwMDAwMDAwfX0=",
          "dependencies": [
            "aws_acm_certificate.certificate",
            "aws_route53_record.certificate_validation"
          ]
        }
      ]
    },
    {
      "mode": "managed",
      "type": "aws_cloudfront_distribution",
      "name": "cdn",
      "provider": "provider[\"registry.terraform.io/hashicorp/aws\"]",
      "instances": [
        {
          "schema_version": 1,
          "attributes": {
            "aliases": [
              "credix.pixelbreeders.com"
            ],
            "arn": "arn:aws:cloudfront::481665116783:distribution/E3PBY1MON96GG",
            "caller_reference": "terraform-20250219003748311700000003",
            "comment": null,
            "continuous_deployment_policy_id": "",
            "custom_error_response": [
              {
                "error_caching_min_ttl": null,
                "error_code": 403,
                "response_code": 200,
                "response_page_path": "/index.html"
              },
              {
                "error_caching_min_ttl": null,
                "error_code": 404,
                "response_code": 200,
                "response_page_path": "/index.html"
              }
            ],
            "default_cache_behavior": [
              {
                "allowed_methods": [
                  "GET",
                  "HEAD",
                  "OPTIONS"
                ],
                "cache_policy_id": "",
                "cached_methods": [
                  "GET",
                  "HEAD"
                ],
                "compress": true,
                "default_ttl": 0,
                "field_level_encryption_id": "",
                "forwarded_values": [
                  {
                    "cookies": [
                      {
                        "forward": "none",
                        "whitelisted_names": []
                      }
                    ],
                    "headers": [],
                    "query_string": false,
                    "query_string_cache_keys": []
                  }
                ],
                "function_association": [],
                "grpc_config": [
                  {
                    "enabled": false
                  }
                ],
                "lambda_function_association": [],
                "max_ttl": 0,
                "min_ttl": 0,
                "origin_request_policy_id": "",
                "realtime_log_config_arn": "",
                "response_headers_policy_id": "",
                "smooth_streaming": false,
                "target_origin_id": "s3-origin",
                "trusted_key_groups": [],
                "trusted_signers": [],
                "viewer_protocol_policy": "redirect-to-https"
              }
            ],
            "default_root_object": "index.html",
            "domain_name": "d1per6gb57x7vt.cloudfront.net",
            "enabled": true,
            "etag": "E2ODUJKP5BRWVX",
            "hosted_zone_id": "Z2FDTNDATAQYW2",
            "http_version": "http2",
            "id": "E3PBY1MON96GG",
            "in_progress_validation_batches": 0,
            "is_ipv6_enabled": false,
            "last_modified_time": "2025-02-19 00:37:49.311 +0000 UTC",
            "logging_config": [],
            "ordered_cache_behavior": [],
            "origin": [
              {
                "connection_attempts": 3,
                "connection_timeout": 10,
                "custom_header": [],
                "custom_origin_config": [],
                "domain_name": "terraform-credix-case-fabricio-ga3ok8su-bucket.s3.us-east-1.amazonaws.com",
                "origin_access_control_id": "",
                "origin_id": "s3-origin",
                "origin_path": "",
                "origin_shield": [],
                "s3_origin_config": [
                  {
                    "origin_access_identity": "origin-access-identity/cloudfront/E7YO2ATWYDCXO"
                  }
                ],
                "vpc_origin_config": []
              }
            ],
            "origin_group": [],
            "price_class": "PriceClass_All",
            "restrictions": [
              {
                "geo_restriction": [
                  {
                    "locations": [],
                    "restriction_type": "none"
                  }
                ]
              }
            ],
            "retain_on_delete": false,
            "staging": false,
            "status": "Deployed",
            "tags": {
              "Environment": "production"
            },
            "tags_all": {
              "Environment": "production"
            },
            "trusted_key_groups": [
              {
                "enabled": false,
                "items": []
              }
            ],
            "trusted_signers": [
              {
                "enabled": false,
                "items": []
              }
            ],
            "viewer_certificate": [
              {
                "acm_certificate_arn": "arn:aws:acm:us-east-1:481665116783:certificate/e9cfbc3d-9abf-430b-992a-054d6cf19ac8",
                "cloudfront_default_certificate": false,
                "iam_certificate_id": "",
                "minimum_protocol_version": "TLSv1.2_2021",
                "ssl_support_method": "sni-only"
              }
            ],
            "wait_for_deployment": true,
            "web_acl_id": ""
          },
          "sensitive_attributes": [],
          "private": "eyJzY2hlbWFfdmVyc2lvbiI6IjEifQ==",
          "dependencies": [
            "aws_acm_certificate.certificate",
            "aws_acm_certificate_validation.certificate_validation",
            "aws_cloudfront_origin_access_identity.oai",
            "aws_route53_record.certificate_validation",
            "aws_s3_bucket.s3_bucket"
          ]
        }
      ]
    },
    {
      "mode": "managed",
      "type": "aws_cloudfront_origin_access_identity",
      "name": "oai",
      "provider": "provider[\"registry.terraform.io/hashicorp/aws\"]",
      "instances": [
        {
          "schema_version": 0,
          "attributes": {
            "caller_reference": "terraform-20250219003653808500000001",
            "cloudfront_access_identity_path": "origin-access-identity/cloudfront/E7YO2ATWYDCXO",
            "comment": "OAI for accessing S3 bucket",
            "etag": "EN7WJ13Q52VEM",
            "iam_arn": "arn:aws:iam::cloudfront:user/CloudFront Origin Access Identity E7YO2ATWYDCXO",
            "id": "E7YO2ATWYDCXO",
            "s3_canonical_user_id": "96f327e6085e877b6ae6451a13224d3f76170d4c0e0513b5bc7735e27e59f6197fb22dbaddba7ae88eebdcbaddde1ddf"
          },
          "sensitive_attributes": [],
          "private": "bnVsbA=="
        }
      ]
    },
    {
      "mode": "managed",
      "type": "aws_ecr_repository",
      "name": "django_api",
      "provider": "provider[\"registry.terraform.io/hashicorp/aws\"]",
      "instances": [
        {
          "schema_version": 0,
          "attributes": {
            "arn": "arn:aws:ecr:us-east-1:481665116783:repository/credix-case-fabricio-django-api",
            "encryption_configuration": [
              {
                "encryption_type": "AES256",
                "kms_key": ""
              }
            ],
            "force_delete": null,
            "id": "credix-case-fabricio-django-api",
            "image_scanning_configuration": [
              {
                "scan_on_push": false
              }
            ],
            "image_tag_mutability": "MUTABLE",
            "name": "credix-case-fabricio-django-api",
            "registry_id": "481665116783",
            "repository_url": "481665116783.dkr.ecr.us-east-1.amazonaws.com/credix-case-fabricio-django-api",
            "tags": {},
            "tags_all": {},
            "timeouts": null
          },
          "sensitive_attributes": [],
          "private": "eyJlMmJmYjczMC1lY2FhLTExZTYtOGY4OC0zNDM2M2JjN2M0YzAiOnsiZGVsZXRlIjoxMjAwMDAwMDAwMDAwfX0="
        }
      ]
    },
    {
      "mode": "managed",
      "type": "aws_ecs_cluster",
      "name": "backend_cluster",
      "provider": "provider[\"registry.terraform.io/hashicorp/aws\"]",
      "instances": [
        {
          "schema_version": 0,
          "attributes": {
            "arn": "arn:aws:ecs:us-east-1:481665116783:cluster/credix-case-fabricio-cluster",
            "configuration": [],
            "id": "arn:aws:ecs:us-east-1:481665116783:cluster/credix-case-fabricio-cluster",
            "name": "credix-case-fabricio-cluster",
            "service_connect_defaults": [],
            "setting": [
              {
                "name": "containerInsights",
                "value": "disabled"
              }
            ],
            "tags": null,
            "tags_all": {}
          },
          "sensitive_attributes": [],
          "private": "bnVsbA=="
        }
      ]
    },
    {
      "mode": "managed",
      "type": "aws_ecs_service",
      "name": "django_service",
      "provider": "provider[\"registry.terraform.io/hashicorp/aws\"]",
      "instances": [
        {
          "schema_version": 1,
          "attributes": {
            "alarms": [],
            "availability_zone_rebalancing": "DISABLED",
            "capacity_provider_strategy": [],
            "cluster": "arn:aws:ecs:us-east-1:481665116783:cluster/credix-case-fabricio-cluster",
            "deployment_circuit_breaker": [
              {
                "enable": false,
                "rollback": false
              }
            ],
            "deployment_controller": [
              {
                "type": "ECS"
              }
            ],
            "deployment_maximum_percent": 200,
            "deployment_minimum_healthy_percent": 100,
            "desired_count": 1,
            "enable_ecs_managed_tags": false,
            "enable_execute_command": false,
            "force_delete": null,
            "force_new_deployment": null,
            "health_check_grace_period_seconds": 0,
            "iam_role": "/aws-service-role/ecs.amazonaws.com/AWSServiceRoleForECS",
            "id": "arn:aws:ecs:us-east-1:481665116783:service/credix-case-fabricio-cluster/credix-case-fabricio-service",
            "launch_type": "FARGATE",
            "load_balancer": [
              {
                "container_name": "django-api",
                "container_port": 8000,
                "elb_name": "",
                "target_group_arn": "arn:aws:elasticloadbalancing:us-east-1:481665116783:targetgroup/credix-case-fabricio-tg/3aa90c8fd8157029"
              }
            ],
            "name": "credix-case-fabricio-service",
            "network_configuration": [
              {
                "assign_public_ip": true,
                "security_groups": [
                  "sg-07136a03e58b5c31a"
                ],
                "subnets": [
                  "subnet-012c9a888d98f4ab8",
                  "subnet-02b4a0b23f33a1f9b",
                  "subnet-03cd2182cf5e867f4",
                  "subnet-08895f9343196ac0b",
                  "subnet-098f00cc96d15bb32",
                  "subnet-0d4ff7f9ce35d2bb1"
                ]
              }
            ],
            "ordered_placement_strategy": [],
            "placement_constraints": [],
            "platform_version": "LATEST",
            "propagate_tags": "NONE",
            "scheduling_strategy": "REPLICA",
            "service_connect_configuration": [],
            "service_registries": [],
            "tags": null,
            "tags_all": {},
            "task_definition": "arn:aws:ecs:us-east-1:481665116783:task-definition/credix-case-fabricio-django-task:4",
            "timeouts": null,
            "triggers": {},
            "volume_configuration": [],
            "vpc_lattice_configurations": [],
            "wait_for_steady_state": false
          },
          "sensitive_attributes": [],
          "private": "eyJlMmJmYjczMC1lY2FhLTExZTYtOGY4OC0zNDM2M2JjN2M0YzAiOnsiY3JlYXRlIjoxMjAwMDAwMDAwMDAwLCJkZWxldGUiOjEyMDAwMDAwMDAwMDAsInVwZGF0ZSI6MTIwMDAwMDAwMDAwMH0sInNjaGVtYV92ZXJzaW9uIjoiMSJ9",
          "dependencies": [
            "aws_acm_certificate.api_cert",
            "aws_acm_certificate_validation.api_cert_validation",
            "aws_ecr_repository.django_api",
            "aws_ecs_cluster.backend_cluster",
            "aws_ecs_task_definition.django_task",
            "aws_iam_role.ecsTaskExecutionRole",
            "aws_lb.django_alb",
            "aws_lb_listener.https_listener",
            "aws_lb_target_group.django_tg",
            "aws_route53_record.api_cert_validation",
            "aws_security_group.alb_sg",
            "aws_security_group.ecs_sg",
            "data.aws_subnets.default",
            "data.aws_vpc.default"
          ]
        }
      ]
    },
    {
      "mode": "managed",
      "type": "aws_ecs_task_definition",
      "name": "django_task",
      "provider": "provider[\"registry.terraform.io/hashicorp/aws\"]",
      "instances": [
        {
          "schema_version": 1,
          "attributes": {
            "arn": "arn:aws:ecs:us-east-1:481665116783:task-definition/credix-case-fabricio-django-task:4",
            "arn_without_revision": "arn:aws:ecs:us-east-1:481665116783:task-definition/credix-case-fabricio-django-task",
            "container_definitions": "[{\"environment\":[],\"essential\":true,\"image\":\"481665116783.dkr.ecr.us-east-1.amazonaws.com/credix-case-fabricio-django-api:latest\",\"mountPoints\":[],\"name\":\"django-api\",\"portMappings\":[{\"containerPort\":8000,\"hostPort\":8000,\"protocol\":\"tcp\"}],\"systemControls\":[],\"volumesFrom\":[]}]",
            "cpu": "512",
            "enable_fault_injection": false,
            "ephemeral_storage": [],
            "execution_role_arn": "arn:aws:iam::481665116783:role/credix-case-fabricio-ecsTaskExecutionRole",
            "family": "credix-case-fabricio-django-task",
            "id": "credix-case-fabricio-django-task",
            "inference_accelerator": [],
            "ipc_mode": "",
            "memory": "1024",
            "network_mode": "awsvpc",
            "pid_mode": "",
            "placement_constraints": [],
            "proxy_configuration": [],
            "requires_compatibilities": [
              "FARGATE"
            ],
            "revision": 4,
            "runtime_platform": [],
            "skip_destroy": false,
            "tags": null,
            "tags_all": {},
            "task_role_arn": "",
            "track_latest": false,
            "volume": []
          },
          "sensitive_attributes": [],
          "private": "eyJzY2hlbWFfdmVyc2lvbiI6IjEifQ==",
          "dependencies": [
            "aws_ecr_repository.django_api",
            "aws_iam_role.ecsTaskExecutionRole"
          ]
        }
      ]
    },
    {
      "mode": "managed",
      "type": "aws_iam_role",
      "name": "ecsTaskExecutionRole",
      "provider": "provider[\"registry.terraform.io/hashicorp/aws\"]",
      "instances": [
        {
          "schema_version": 0,
          "attributes": {
            "arn": "arn:aws:iam::481665116783:role/credix-case-fabricio-ecsTaskExecutionRole",
            "assume_role_policy": "{\"Statement\":[{\"Action\":\"sts:AssumeRole\",\"Effect\":\"Allow\",\"Principal\":{\"Service\":\"ecs-tasks.amazonaws.com\"}}],\"Version\":\"2012-10-17\"}",
            "create_date": "2025-02-19T00:36:54Z",
            "description": "",
            "force_detach_policies": false,
            "id": "credix-case-fabricio-ecsTaskExecutionRole",
            "inline_policy": [],
            "managed_policy_arns": [],
            "max_session_duration": 3600,
            "name": "credix-case-fabricio-ecsTaskExecutionRole",
            "name_prefix": "",
            "path": "/",
            "permissions_boundary": "",
            "tags": null,
            "tags_all": {},
            "unique_id": "AROAXAJL2NJX3CXUUV5RQ"
          },
          "sensitive_attributes": [],
          "private": "bnVsbA=="
        }
      ]
    },
    {
      "mode": "managed",
      "type": "aws_iam_role_policy_attachment",
      "name": "ecsTaskExecutionRolePolicy",
      "provider": "provider[\"registry.terraform.io/hashicorp/aws\"]",
      "instances": [
        {
          "schema_version": 0,
          "attributes": {
            "id": "credix-case-fabricio-ecsTaskExecutionRole-20250219003655298900000002",
            "policy_arn": "arn:aws:iam::aws:policy/service-role/AmazonECSTaskExecutionRolePolicy",
            "role": "credix-case-fabricio-ecsTaskExecutionRole"
          },
          "sensitive_attributes": [],
          "private": "bnVsbA==",
          "dependencies": [
            "aws_iam_role.ecsTaskExecutionRole"
          ]
        }
      ]
    },
    {
      "mode": "managed",
      "type": "aws_lb",
      "name": "django_alb",
      "provider": "provider[\"registry.terraform.io/hashicorp/aws\"]",
      "instances": [
        {
          "schema_version": 0,
          "attributes": {
            "access_logs": [
              {
                "bucket": "",
                "enabled": false,
                "prefix": ""
              }
            ],
            "arn": "arn:aws:elasticloadbalancing:us-east-1:481665116783:loadbalancer/app/credix-case-fabricio-alb/36a7886e5863496e",
            "arn_suffix": "app/credix-case-fabricio-alb/36a7886e5863496e",
            "client_keep_alive": 3600,
            "connection_logs": [
              {
                "bucket": "",
                "enabled": false,
                "prefix": ""
              }
            ],
            "customer_owned_ipv4_pool": "",
            "desync_mitigation_mode": "defensive",
            "dns_name": "credix-case-fabricio-alb-1737477365.us-east-1.elb.amazonaws.com",
            "dns_record_client_routing_policy": null,
            "drop_invalid_header_fields": false,
            "enable_cross_zone_load_balancing": true,
            "enable_deletion_protection": false,
            "enable_http2": true,
            "enable_tls_version_and_cipher_suite_headers": false,
            "enable_waf_fail_open": false,
            "enable_xff_client_port": false,
            "enable_zonal_shift": false,
            "enforce_security_group_inbound_rules_on_private_link_traffic": "",
            "id": "arn:aws:elasticloadbalancing:us-east-1:481665116783:loadbalancer/app/credix-case-fabricio-alb/36a7886e5863496e",
            "idle_timeout": 60,
            "internal": false,
            "ip_address_type": "ipv4",
            "load_balancer_type": "application",
            "name": "credix-case-fabricio-alb",
            "name_prefix": "",
            "preserve_host_header": false,
            "security_groups": [
              "sg-04ee7ad7f7709dfd8"
            ],
            "subnet_mapping": [
              {
                "allocation_id": "",
                "ipv6_address": "",
                "outpost_id": "",
                "private_ipv4_address": "",
                "subnet_id": "subnet-012c9a888d98f4ab8"
              },
              {
                "allocation_id": "",
                "ipv6_address": "",
                "outpost_id": "",
                "private_ipv4_address": "",
                "subnet_id": "subnet-02b4a0b23f33a1f9b"
              },
              {
                "allocation_id": "",
                "ipv6_address": "",
                "outpost_id": "",
                "private_ipv4_address": "",
                "subnet_id": "subnet-03cd2182cf5e867f4"
              },
              {
                "allocation_id": "",
                "ipv6_address": "",
                "outpost_id": "",
                "private_ipv4_address": "",
                "subnet_id": "subnet-08895f9343196ac0b"
              },
              {
                "allocation_id": "",
                "ipv6_address": "",
                "outpost_id": "",
                "private_ipv4_address": "",
                "subnet_id": "subnet-098f00cc96d15bb32"
              },
              {
                "allocation_id": "",
                "ipv6_address": "",
                "outpost_id": "",
                "private_ipv4_address": "",
                "subnet_id": "subnet-0d4ff7f9ce35d2bb1"
              }
            ],
            "subnets": [
              "subnet-012c9a888d98f4ab8",
              "subnet-02b4a0b23f33a1f9b",
              "subnet-03cd2182cf5e867f4",
              "subnet-08895f9343196ac0b",
              "subnet-098f00cc96d15bb32",
              "subnet-0d4ff7f9ce35d2bb1"
            ],
            "tags": {
              "Environment": "production"
            },
            "tags_all": {
              "Environment": "production"
            },
            "timeouts": null,
            "vpc_id": "vpc-042eae7290a30c590",
            "xff_header_processing_mode": "append",
            "zone_id": "Z35SXDOTRQ7X7K"
          },
          "sensitive_attributes": [],
          "private": "eyJlMmJmYjczMC1lY2FhLTExZTYtOGY4OC0zNDM2M2JjN2M0YzAiOnsiY3JlYXRlIjo2MDAwMDAwMDAwMDAsImRlbGV0ZSI6NjAwMDAwMDAwMDAwLCJ1cGRhdGUiOjYwMDAwMDAwMDAwMH19",
          "dependencies": [
            "aws_security_group.alb_sg",
            "data.aws_subnets.default",
            "data.aws_vpc.default"
          ]
        }
      ]
    },
    {
      "mode": "managed",
      "type": "aws_lb_listener",
      "name": "http_listener",
      "provider": "provider[\"registry.terraform.io/hashicorp/aws\"]",
      "instances": [
        {
          "schema_version": 0,
          "attributes": {
            "alpn_policy": null,
            "arn": "arn:aws:elasticloadbalancing:us-east-1:481665116783:listener/app/credix-case-fabricio-alb/36a7886e5863496e/6efb2f46402ae660",
            "certificate_arn": null,
            "default_action": [
              {
                "authenticate_cognito": [],
                "authenticate_oidc": [],
                "fixed_response": [],
                "forward": [],
                "order": 1,
                "redirect": [
                  {
                    "host": "#{host}",
                    "path": "/#{path}",
                    "port": "443",
                    "protocol": "HTTPS",
                    "query": "#{query}",
                    "status_code": "HTTP_301"
                  }
                ],
                "target_group_arn": "",
                "type": "redirect"
              }
            ],
            "id": "arn:aws:elasticloadbalancing:us-east-1:481665116783:listener/app/credix-case-fabricio-alb/36a7886e5863496e/6efb2f46402ae660",
            "load_balancer_arn": "arn:aws:elasticloadbalancing:us-east-1:481665116783:loadbalancer/app/credix-case-fabricio-alb/36a7886e5863496e",
            "mutual_authentication": [],
            "port": 80,
            "protocol": "HTTP",
            "routing_http_request_x_amzn_mtls_clientcert_header_name": null,
            "routing_http_request_x_amzn_mtls_clientcert_issuer_header_name": null,
            "routing_http_request_x_amzn_mtls_clientcert_leaf_header_name": null,
            "routing_http_request_x_amzn_mtls_clientcert_serial_number_header_name": null,
            "routing_http_request_x_amzn_mtls_clientcert_subject_header_name": null,
            "routing_http_request_x_amzn_mtls_clientcert_validity_header_name": null,
            "routing_http_request_x_amzn_tls_cipher_suite_header_name": null,
            "routing_http_request_x_amzn_tls_version_header_name": null,
            "routing_http_response_access_control_allow_credentials_header_value": "",
            "routing_http_response_access_control_allow_headers_header_value": "",
            "routing_http_response_access_control_allow_methods_header_value": "",
            "routing_http_response_access_control_allow_origin_header_value": "",
            "routing_http_response_access_control_expose_headers_header_value": "",
            "routing_http_response_access_control_max_age_header_value": "",
            "routing_http_response_content_security_policy_header_value": "",
            "routing_http_response_server_enabled": false,
            "routing_http_response_strict_transport_security_header_value": "",
            "routing_http_response_x_content_type_options_header_value": "",
            "routing_http_response_x_frame_options_header_value": "",
            "ssl_policy": "",
            "tags": null,
            "tags_all": {},
            "tcp_idle_timeout_seconds": null,
            "timeouts": null
          },
          "sensitive_attributes": [],
          "private": "eyJlMmJmYjczMC1lY2FhLTExZTYtOGY4OC0zNDM2M2JjN2M0YzAiOnsiY3JlYXRlIjozMDAwMDAwMDAwMDAsInVwZGF0ZSI6MzAwMDAwMDAwMDAwfX0=",
          "dependencies": [
            "aws_lb.django_alb",
            "aws_security_group.alb_sg",
            "data.aws_subnets.default",
            "data.aws_vpc.default"
          ]
        }
      ]
    },
    {
      "mode": "managed",
      "type": "aws_lb_listener",
      "name": "https_listener",
      "provider": "provider[\"registry.terraform.io/hashicorp/aws\"]",
      "instances": [
        {
          "schema_version": 0,
          "attributes": {
            "alpn_policy": null,
            "arn": "arn:aws:elasticloadbalancing:us-east-1:481665116783:listener/app/credix-case-fabricio-alb/36a7886e5863496e/3e71e224b8518da9",
            "certificate_arn": "arn:aws:acm:us-east-1:481665116783:certificate/4996eccc-12e0-4313-8992-1ed98c3203dc",
            "default_action": [
              {
                "authenticate_cognito": [],
                "authenticate_oidc": [],
                "fixed_response": [],
                "forward": [],
                "order": 1,
                "redirect": [],
                "target_group_arn": "arn:aws:elasticloadbalancing:us-east-1:481665116783:targetgroup/credix-case-fabricio-tg/3aa90c8fd8157029",
                "type": "forward"
              }
            ],
            "id": "arn:aws:elasticloadbalancing:us-east-1:481665116783:listener/app/credix-case-fabricio-alb/36a7886e5863496e/3e71e224b8518da9",
            "load_balancer_arn": "arn:aws:elasticloadbalancing:us-east-1:481665116783:loadbalancer/app/credix-case-fabricio-alb/36a7886e5863496e",
            "mutual_authentication": [
              {
                "advertise_trust_store_ca_names": "",
                "ignore_client_certificate_expiry": false,
                "mode": "off",
                "trust_store_arn": ""
              }
            ],
            "port": 443,
            "protocol": "HTTPS",
            "routing_http_request_x_amzn_mtls_clientcert_header_name": "",
            "routing_http_request_x_amzn_mtls_clientcert_issuer_header_name": "",
            "routing_http_request_x_amzn_mtls_clientcert_leaf_header_name": "",
            "routing_http_request_x_amzn_mtls_clientcert_serial_number_header_name": "",
            "routing_http_request_x_amzn_mtls_clientcert_subject_header_name": "",
            "routing_http_request_x_amzn_mtls_clientcert_validity_header_name": "",
            "routing_http_request_x_amzn_tls_cipher_suite_header_name": "",
            "routing_http_request_x_amzn_tls_version_header_name": "",
            "routing_http_response_access_control_allow_credentials_header_value": "",
            "routing_http_response_access_control_allow_headers_header_value": "",
            "routing_http_response_access_control_allow_methods_header_value": "",
            "routing_http_response_access_control_allow_origin_header_value": "",
            "routing_http_response_access_control_expose_headers_header_value": "",
            "routing_http_response_access_control_max_age_header_value": "",
            "routing_http_response_content_security_policy_header_value": "",
            "routing_http_response_server_enabled": false,
            "routing_http_response_strict_transport_security_header_value": "",
            "routing_http_response_x_content_type_options_header_value": "",
            "routing_http_response_x_frame_options_header_value": "",
            "ssl_policy": "ELBSecurityPolicy-2016-08",
            "tags": null,
            "tags_all": {},
            "tcp_idle_timeout_seconds": null,
            "timeouts": null
          },
          "sensitive_attributes": [],
          "private": "eyJlMmJmYjczMC1lY2FhLTExZTYtOGY4OC0zNDM2M2JjN2M0YzAiOnsiY3JlYXRlIjozMDAwMDAwMDAwMDAsInVwZGF0ZSI6MzAwMDAwMDAwMDAwfX0=",
          "dependencies": [
            "aws_acm_certificate.api_cert",
            "aws_acm_certificate_validation.api_cert_validation",
            "aws_lb.django_alb",
            "aws_lb_target_group.django_tg",
            "aws_route53_record.api_cert_validation",
            "aws_security_group.alb_sg",
            "data.aws_subnets.default",
            "data.aws_vpc.default"
          ]
        }
      ]
    },
    {
      "mode": "managed",
      "type": "aws_lb_target_group",
      "name": "django_tg",
      "provider": "provider[\"registry.terraform.io/hashicorp/aws\"]",
      "instances": [
        {
          "schema_version": 0,
          "attributes": {
            "arn": "arn:aws:elasticloadbalancing:us-east-1:481665116783:targetgroup/credix-case-fabricio-tg/3aa90c8fd8157029",
            "arn_suffix": "targetgroup/credix-case-fabricio-tg/3aa90c8fd8157029",
            "connection_termination": null,
            "deregistration_delay": "300",
            "health_check": [
              {
                "enabled": true,
                "healthy_threshold": 2,
                "interval": 30,
                "matcher": "200-399",
                "path": "/",
                "port": "traffic-port",
                "protocol": "HTTP",
                "timeout": 5,
                "unhealthy_threshold": 2
              }
            ],
            "id": "arn:aws:elasticloadbalancing:us-east-1:481665116783:targetgroup/credix-case-fabricio-tg/3aa90c8fd8157029",
            "ip_address_type": "ipv4",
            "lambda_multi_value_headers_enabled": false,
            "load_balancer_arns": [],
            "load_balancing_algorithm_type": "round_robin",
            "load_balancing_anomaly_mitigation": "off",
            "load_balancing_cross_zone_enabled": "use_load_balancer_configuration",
            "name": "credix-case-fabricio-tg",
            "name_prefix": "",
            "port": 8000,
            "preserve_client_ip": null,
            "protocol": "HTTP",
            "protocol_version": "HTTP1",
            "proxy_protocol_v2": false,
            "slow_start": 0,
            "stickiness": [
              {
                "cookie_duration": 86400,
                "cookie_name": "",
                "enabled": false,
                "type": "lb_cookie"
              }
            ],
            "tags": null,
            "tags_all": {},
            "target_failover": [
              {
                "on_deregistration": null,
                "on_unhealthy": null
              }
            ],
            "target_group_health": [
              {
                "dns_failover": [
                  {
                    "minimum_healthy_targets_count": "1",
                    "minimum_healthy_targets_percentage": "off"
                  }
                ],
                "unhealthy_state_routing": [
                  {
                    "minimum_healthy_targets_count": 1,
                    "minimum_healthy_targets_percentage": "off"
                  }
                ]
              }
            ],
            "target_health_state": [
              {
                "enable_unhealthy_connection_termination": null,
                "unhealthy_draining_interval": null
              }
            ],
            "target_type": "ip",
            "vpc_id": "vpc-042eae7290a30c590"
          },
          "sensitive_attributes": [],
          "private": "bnVsbA==",
          "dependencies": [
            "data.aws_vpc.default"
          ]
        }
      ]
    },
    {
      "mode": "managed",
      "type": "aws_route53_record",
      "name": "api_cert_validation",
      "provider": "provider[\"registry.terraform.io/hashicorp/aws\"]",
      "instances": [
        {
          "index_key": "api.credix.pixelbreeders.com",
          "schema_version": 2,
          "attributes": {
            "alias": [],
            "allow_overwrite": null,
            "cidr_routing_policy": [],
            "failover_routing_policy": [],
            "fqdn": "_6080aaf3976c28ab69ef9cced0d0da61.api.credix.pixelbreeders.com",
            "geolocation_routing_policy": [],
            "geoproximity_routing_policy": [],
            "health_check_id": "",
            "id": "Z00844003U2NSP9OY74Y8__6080aaf3976c28ab69ef9cced0d0da61.api.credix.pixelbreeders.com._CNAME",
            "latency_routing_policy": [],
            "multivalue_answer_routing_policy": false,
            "name": "_6080aaf3976c28ab69ef9cced0d0da61.api.credix.pixelbreeders.com",
            "records": [
              "_fcb4aa800edcd0b3dc63dc8cafe3d755.zfyfvmchrl.acm-validations.aws."
            ],
            "set_identifier": "",
            "ttl": 60,
            "type": "CNAME",
            "weighted_routing_policy": [],
            "zone_id": "Z00844003U2NSP9OY74Y8"
          },
          "sensitive_attributes": [],
          "private": "eyJzY2hlbWFfdmVyc2lvbiI6IjIifQ==",
          "dependencies": [
            "aws_acm_certificate.api_cert"
          ]
        }
      ]
    },
    {
      "mode": "managed",
      "type": "aws_route53_record",
      "name": "api_dns",
      "provider": "provider[\"registry.terraform.io/hashicorp/aws\"]",
      "instances": [
        {
          "schema_version": 2,
          "attributes": {
            "alias": [
              {
                "evaluate_target_health": true,
                "name": "credix-case-fabricio-alb-1737477365.us-east-1.elb.amazonaws.com",
                "zone_id": "Z35SXDOTRQ7X7K"
              }
            ],
            "allow_overwrite": null,
            "cidr_routing_policy": [],
            "failover_routing_policy": [],
            "fqdn": "api.credix.pixelbreeders.com",
            "geolocation_routing_policy": [],
            "geoproximity_routing_policy": [],
            "health_check_id": "",
            "id": "Z00844003U2NSP9OY74Y8_api.credix.pixelbreeders.com_A",
            "latency_routing_policy": [],
            "multivalue_answer_routing_policy": false,
            "name": "api.credix.pixelbreeders.com",
            "records": null,
            "set_identifier": "",
            "ttl": 0,
            "type": "A",
            "weighted_routing_policy": [],
            "zone_id": "Z00844003U2NSP9OY74Y8"
          },
          "sensitive_attributes": [],
          "private": "eyJzY2hlbWFfdmVyc2lvbiI6IjIifQ==",
          "dependencies": [
            "aws_lb.django_alb",
            "aws_security_group.alb_sg",
            "data.aws_subnets.default",
            "data.aws_vpc.default"
          ]
        }
      ]
    },
    {
      "mode": "managed",
      "type": "aws_route53_record",
      "name": "cdn_alias",
      "provider": "provider[\"registry.terraform.io/hashicorp/aws\"]",
      "instances": [
        {
          "schema_version": 2,
          "attributes": {
            "alias": [
              {
                "evaluate_target_health": false,
                "name": "d1per6gb57x7vt.cloudfront.net",
                "zone_id": "Z2FDTNDATAQYW2"
              }
            ],
            "allow_overwrite": null,
            "cidr_routing_policy": [],
            "failover_routing_policy": [],
            "fqdn": "credix.pixelbreeders.com",
            "geolocation_routing_policy": [],
            "geoproximity_routing_policy": [],
            "health_check_id": "",
            "id": "Z00844003U2NSP9OY74Y8_credix.pixelbreeders.com_A",
            "latency_routing_policy": [],
            "multivalue_answer_routing_policy": false,
            "name": "credix.pixelbreeders.com",
            "records": null,
            "set_identifier": "",
            "ttl": 0,
            "type": "A",
            "weighted_routing_policy": [],
            "zone_id": "Z00844003U2NSP9OY74Y8"
          },
          "sensitive_attributes": [],
          "private": "eyJzY2hlbWFfdmVyc2lvbiI6IjIifQ==",
          "dependencies": [
            "aws_acm_certificate.certificate",
            "aws_acm_certificate_validation.certificate_validation",
            "aws_cloudfront_distribution.cdn",
            "aws_cloudfront_origin_access_identity.oai",
            "aws_route53_record.certificate_validation",
            "aws_s3_bucket.s3_bucket"
          ]
        }
      ]
    },
    {
      "mode": "managed",
      "type": "aws_route53_record",
      "name": "certificate_validation",
      "provider": "provider[\"registry.terraform.io/hashicorp/aws\"]",
      "instances": [
        {
          "index_key": "credix.pixelbreeders.com",
          "schema_version": 2,
          "attributes": {
            "alias": [],
            "allow_overwrite": null,
            "cidr_routing_policy": [],
            "failover_routing_policy": [],
            "fqdn": "_e3394d2517e1dece7881ab1ad1e62aa5.credix.pixelbreeders.com",
            "geolocation_routing_policy": [],
            "geoproximity_routing_policy": [],
            "health_check_id": "",
            "id": "Z00844003U2NSP9OY74Y8__e3394d2517e1dece7881ab1ad1e62aa5.credix.pixelbreeders.com._CNAME",
            "latency_routing_policy": [],
            "multivalue_answer_routing_policy": false,
            "name": "_e3394d2517e1dece7881ab1ad1e62aa5.credix.pixelbreeders.com",
            "records": [
              "_28ccb57428dbd7e9250333c5476b471d.zfyfvmchrl.acm-validations.aws."
            ],
            "set_identifier": "",
            "ttl": 60,
            "type": "CNAME",
            "weighted_routing_policy": [],
            "zone_id": "Z00844003U2NSP9OY74Y8"
          },
          "sensitive_attributes": [],
          "private": "eyJzY2hlbWFfdmVyc2lvbiI6IjIifQ==",
          "dependencies": [
            "aws_acm_certificate.certificate"
          ]
        }
      ]
    },
    {
      "mode": "managed",
      "type": "aws_s3_bucket",
      "name": "s3_bucket",
      "provider": "provider[\"registry.terraform.io/hashicorp/aws\"]",
      "instances": [
        {
          "schema_version": 0,
          "attributes": {
            "acceleration_status": "",
            "acl": null,
            "arn": "arn:aws:s3:::terraform-credix-case-fabricio-ga3ok8su-bucket",
            "bucket": "terraform-credix-case-fabricio-ga3ok8su-bucket",
            "bucket_domain_name": "terraform-credix-case-fabricio-ga3ok8su-bucket.s3.amazonaws.com",
            "bucket_prefix": "",
            "bucket_regional_domain_name": "terraform-credix-case-fabricio-ga3ok8su-bucket.s3.us-east-1.amazonaws.com",
            "cors_rule": [],
            "force_destroy": false,
            "grant": [
              {
                "id": "3a464b92404a544c15aace507238f4def0c5112079c4fe39f8289d79f082ca2f",
                "permissions": [
                  "FULL_CONTROL"
                ],
                "type": "CanonicalUser",
                "uri": ""
              }
            ],
            "hosted_zone_id": "Z3AQBSTGFYJSTF",
            "id": "terraform-credix-case-fabricio-ga3ok8su-bucket",
            "lifecycle_rule": [],
            "logging": [],
            "object_lock_configuration": [],
            "object_lock_enabled": false,
            "policy": "",
            "region": "us-east-1",
            "replication_configuration": [],
            "request_payer": "BucketOwner",
            "server_side_encryption_configuration": [
              {
                "rule": [
                  {
                    "apply_server_side_encryption_by_default": [
                      {
                        "kms_master_key_id": "",
                        "sse_algorithm": "AES256"
                      }
                    ],
                    "bucket_key_enabled": false
                  }
                ]
              }
            ],
            "tags": {
              "Environment": "Production",
              "Name": "terraform-credix-case-fabricio-bucket"
            },
            "tags_all": {
              "Environment": "Production",
              "Name": "terraform-credix-case-fabricio-bucket"
            },
            "timeouts": null,
            "versioning": [
              {
                "enabled": false,
                "mfa_delete": false
              }
            ],
            "website": [],
            "website_domain": null,
            "website_endpoint": null
          },
          "sensitive_attributes": [],
          "private": "eyJlMmJmYjczMC1lY2FhLTExZTYtOGY4OC0zNDM2M2JjN2M0YzAiOnsiY3JlYXRlIjoxMjAwMDAwMDAwMDAwLCJkZWxldGUiOjM2MDAwMDAwMDAwMDAsInJlYWQiOjEyMDAwMDAwMDAwMDAsInVwZGF0ZSI6MTIwMDAwMDAwMDAwMH19"
        }
      ]
    },
    {
      "mode": "managed",
      "type": "aws_s3_bucket_ownership_controls",
      "name": "ownership_controls",
      "provider": "provider[\"registry.terraform.io/hashicorp/aws\"]",
      "instances": [
        {
          "schema_version": 0,
          "attributes": {
            "bucket": "terraform-credix-case-fabricio-ga3ok8su-bucket",
            "id": "terraform-credix-case-fabricio-ga3ok8su-bucket",
            "rule": [
              {
                "object_ownership": "BucketOwnerEnforced"
              }
            ]
          },
          "sensitive_attributes": [],
          "private": "bnVsbA==",
          "dependencies": [
            "aws_s3_bucket.s3_bucket"
          ]
        }
      ]
    },
    {
      "mode": "managed",
      "type": "aws_s3_bucket_policy",
      "name": "bucket_policy",
      "provider": "provider[\"registry.terraform.io/hashicorp/aws\"]",
      "instances": [
        {
          "schema_version": 0,
          "attributes": {
            "bucket": "terraform-credix-case-fabricio-ga3ok8su-bucket",
            "id": "terraform-credix-case-fabricio-ga3ok8su-bucket",
            "policy": "{\"Statement\":[{\"Action\":\"s3:GetObject\",\"Effect\":\"Allow\",\"Principal\":{\"AWS\":\"arn:aws:iam::cloudfront:user/CloudFront Origin Access Identity E7YO2ATWYDCXO\"},\"Resource\":\"arn:aws:s3:::terraform-credix-case-fabricio-ga3ok8su-bucket/*\",\"Sid\":\"AllowCloudFrontServicePrincipalReadOnly\"}],\"Version\":\"2012-10-17\"}"
          },
          "sensitive_attributes": [],
          "private": "bnVsbA==",
          "dependencies": [
            "aws_cloudfront_origin_access_identity.oai",
            "aws_s3_bucket.s3_bucket",
            "data.aws_iam_policy_document.bucket_policy"
          ]
        }
      ]
    },
    {
      "mode": "managed",
      "type": "aws_s3_bucket_public_access_block",
      "name": "public_access_block",
      "provider": "provider[\"registry.terraform.io/hashicorp/aws\"]",
      "instances": [
        {
          "schema_version": 0,
          "attributes": {
            "block_public_acls": true,
            "block_public_policy": true,
            "bucket": "terraform-credix-case-fabricio-ga3ok8su-bucket",
            "id": "terraform-credix-case-fabricio-ga3ok8su-bucket",
            "ignore_public_acls": true,
            "restrict_public_buckets": true
          },
          "sensitive_attributes": [],
          "private": "bnVsbA==",
          "dependencies": [
            "aws_s3_bucket.s3_bucket"
          ]
        }
      ]
    },
    {
      "mode": "managed",
      "type": "aws_s3_object",
      "name": "react_app_files",
      "provider": "provider[\"registry.terraform.io/hashicorp/aws\"]",
      "instances": [
        {
          "index_key": "assets/index-AUfUuac5.js",
          "schema_version": 0,
          "attributes": {
            "acl": null,
            "arn": "arn:aws:s3:::terraform-credix-case-fabricio-ga3ok8su-bucket/assets/index-AUfUuac5.js",
            "bucket": "terraform-credix-case-fabricio-ga3ok8su-bucket",
            "bucket_key_enabled": false,
            "cache_control": "",
            "checksum_algorithm": null,
            "checksum_crc32": "",
            "checksum_crc32c": "",
            "checksum_sha1": "",
            "checksum_sha256": "",
            "content": null,
            "content_base64": null,
            "content_disposition": "",
            "content_encoding": "",
            "content_language": "",
            "content_type": "application/javascript",
            "etag": "219f58b6c6a2ea1fb9f0e102de7c2a5e",
            "force_destroy": false,
            "id": "assets/index-AUfUuac5.js",
            "key": "assets/index-AUfUuac5.js",
            "kms_key_id": null,
            "metadata": null,
            "object_lock_legal_hold_status": "",
            "object_lock_mode": "",
            "object_lock_retain_until_date": "",
            "override_provider": [],
            "server_side_encryption": "AES256",
            "source": "../front/dist/assets/index-AUfUuac5.js",
            "source_hash": null,
            "storage_class": "STANDARD",
            "tags": null,
            "tags_all": {},
            "version_id": "",
            "website_redirect": ""
          },
          "sensitive_attributes": [],
          "private": "bnVsbA==",
          "dependencies": [
            "aws_s3_bucket.s3_bucket"
          ]
        },
        {
          "index_key": "assets/index-DohXeiRB.css",
          "schema_version": 0,
          "attributes": {
            "acl": null,
            "arn": "arn:aws:s3:::terraform-credix-case-fabricio-ga3ok8su-bucket/assets/index-DohXeiRB.css",
            "bucket": "terraform-credix-case-fabricio-ga3ok8su-bucket",
            "bucket_key_enabled": false,
            "cache_control": "",
            "checksum_algorithm": null,
            "checksum_crc32": "",
            "checksum_crc32c": "",
            "checksum_sha1": "",
            "checksum_sha256": "",
            "content": null,
            "content_base64": null,
            "content_disposition": "",
            "content_encoding": "",
            "content_language": "",
            "content_type": "text/css",
            "etag": "6f8887ea013c8ec99887ac06d56e2277",
            "force_destroy": false,
            "id": "assets/index-DohXeiRB.css",
            "key": "assets/index-DohXeiRB.css",
            "kms_key_id": null,
            "metadata": null,
            "object_lock_legal_hold_status": "",
            "object_lock_mode": "",
            "object_lock_retain_until_date": "",
            "override_provider": [],
            "server_side_encryption": "AES256",
            "source": "../front/dist/assets/index-DohXeiRB.css",
            "source_hash": null,
            "storage_class": "STANDARD",
            "tags": null,
            "tags_all": {},
            "version_id": "",
            "website_redirect": ""
          },
          "sensitive_attributes": [],
          "private": "bnVsbA==",
          "dependencies": [
            "aws_s3_bucket.s3_bucket"
          ]
        },
        {
          "index_key": "assets/roboto-cyrillic-300-normal-DJfICpyc.woff2",
          "schema_version": 0,
          "attributes": {
            "acl": null,
            "arn": "arn:aws:s3:::terraform-credix-case-fabricio-ga3ok8su-bucket/assets/roboto-cyrillic-300-normal-DJfICpyc.woff2",
            "bucket": "terraform-credix-case-fabricio-ga3ok8su-bucket",
            "bucket_key_enabled": false,
            "cache_control": "",
            "checksum_algorithm": null,
            "checksum_crc32": "",
            "checksum_crc32c": "",
            "checksum_sha1": "",
            "checksum_sha256": "",
            "content": null,
            "content_base64": null,
            "content_disposition": "",
            "content_encoding": "",
            "content_language": "",
            "content_type": "application/octet-stream",
            "etag": "927b3dd35ca4949daf91772789b2dafe",
            "force_destroy": false,
            "id": "assets/roboto-cyrillic-300-normal-DJfICpyc.woff2",
            "key": "assets/roboto-cyrillic-300-normal-DJfICpyc.woff2",
            "kms_key_id": null,
            "metadata": null,
            "object_lock_legal_hold_status": "",
            "object_lock_mode": "",
            "object_lock_retain_until_date": "",
            "override_provider": [],
            "server_side_encryption": "AES256",
            "source": "../front/dist/assets/roboto-cyrillic-300-normal-DJfICpyc.woff2",
            "source_hash": null,
            "storage_class": "STANDARD",
            "tags": null,
            "tags_all": {},
            "version_id": "",
            "website_redirect": ""
          },
          "sensitive_attributes": [],
          "private": "bnVsbA==",
          "dependencies": [
            "aws_s3_bucket.s3_bucket"
          ]
        },
        {
          "index_key": "assets/roboto-cyrillic-300-normal-Dg7J0kAT.woff",
          "schema_version": 0,
          "attributes": {
            "acl": null,
            "arn": "arn:aws:s3:::terraform-credix-case-fabricio-ga3ok8su-bucket/assets/roboto-cyrillic-300-normal-Dg7J0kAT.woff",
            "bucket": "terraform-credix-case-fabricio-ga3ok8su-bucket",
            "bucket_key_enabled": false,
            "cache_control": "",
            "checksum_algorithm": null,
            "checksum_crc32": "",
            "checksum_crc32c": "",
            "checksum_sha1": "",
            "checksum_sha256": "",
            "content": null,
            "content_base64": null,
            "content_disposition": "",
            "content_encoding": "",
            "content_language": "",
            "content_type": "application/octet-stream",
            "etag": "88e29389ed1e9175a1acb228ee715a4a",
            "force_destroy": false,
            "id": "assets/roboto-cyrillic-300-normal-Dg7J0kAT.woff",
            "key": "assets/roboto-cyrillic-300-normal-Dg7J0kAT.woff",
            "kms_key_id": null,
            "metadata": null,
            "object_lock_legal_hold_status": "",
            "object_lock_mode": "",
            "object_lock_retain_until_date": "",
            "override_provider": [],
            "server_side_encryption": "AES256",
            "source": "../front/dist/assets/roboto-cyrillic-300-normal-Dg7J0kAT.woff",
            "source_hash": null,
            "storage_class": "STANDARD",
            "tags": null,
            "tags_all": {},
            "version_id": "",
            "website_redirect": ""
          },
          "sensitive_attributes": [],
          "private": "bnVsbA==",
          "dependencies": [
            "aws_s3_bucket.s3_bucket"
          ]
        },
        {
          "index_key": "assets/roboto-cyrillic-400-normal-BiRJyiea.woff2",
          "schema_version": 0,
          "attributes": {
            "acl": null,
            "arn": "arn:aws:s3:::terraform-credix-case-fabricio-ga3ok8su-bucket/assets/roboto-cyrillic-400-normal-BiRJyiea.woff2",
            "bucket": "terraform-credix-case-fabricio-ga3ok8su-bucket",
            "bucket_key_enabled": false,
            "cache_control": "",
            "checksum_algorithm": null,
            "checksum_crc32": "",
            "checksum_crc32c": "",
            "checksum_sha1": "",
            "checksum_sha256": "",
            "content": null,
            "content_base64": null,
            "content_disposition": "",
            "content_encoding": "",
            "content_language": "",
            "content_type": "application/octet-stream",
            "etag": "3bc33669e3bedda403e81398b92d9040",
            "force_destroy": false,
            "id": "assets/roboto-cyrillic-400-normal-BiRJyiea.woff2",
            "key": "assets/roboto-cyrillic-400-normal-BiRJyiea.woff2",
            "kms_key_id": null,
            "metadata": null,
            "object_lock_legal_hold_status": "",
            "object_lock_mode": "",
            "object_lock_retain_until_date": "",
            "override_provider": [],
            "server_side_encryption": "AES256",
            "source": "../front/dist/assets/roboto-cyrillic-400-normal-BiRJyiea.woff2",
            "source_hash": null,
            "storage_class": "STANDARD",
            "tags": null,
            "tags_all": {},
            "version_id": "",
            "website_redirect": ""
          },
          "sensitive_attributes": [],
          "private": "bnVsbA==",
          "dependencies": [
            "aws_s3_bucket.s3_bucket"
          ]
        },
        {
          "index_key": "assets/roboto-cyrillic-400-normal-JN0iKxGs.woff",
          "schema_version": 0,
          "attributes": {
            "acl": null,
            "arn": "arn:aws:s3:::terraform-credix-case-fabricio-ga3ok8su-bucket/assets/roboto-cyrillic-400-normal-JN0iKxGs.woff",
            "bucket": "terraform-credix-case-fabricio-ga3ok8su-bucket",
            "bucket_key_enabled": false,
            "cache_control": "",
            "checksum_algorithm": null,
            "checksum_crc32": "",
            "checksum_crc32c": "",
            "checksum_sha1": "",
            "checksum_sha256": "",
            "content": null,
            "content_base64": null,
            "content_disposition": "",
            "content_encoding": "",
            "content_language": "",
            "content_type": "application/octet-stream",
            "etag": "76b56dee2426a206968d5c478ece8313",
            "force_destroy": false,
            "id": "assets/roboto-cyrillic-400-normal-JN0iKxGs.woff",
            "key": "assets/roboto-cyrillic-400-normal-JN0iKxGs.woff",
            "kms_key_id": null,
            "metadata": null,
            "object_lock_legal_hold_status": "",
            "object_lock_mode": "",
            "object_lock_retain_until_date": "",
            "override_provider": [],
            "server_side_encryption": "AES256",
            "source": "../front/dist/assets/roboto-cyrillic-400-normal-JN0iKxGs.woff",
            "source_hash": null,
            "storage_class": "STANDARD",
            "tags": null,
            "tags_all": {},
            "version_id": "",
            "website_redirect": ""
          },
          "sensitive_attributes": [],
          "private": "bnVsbA==",
          "dependencies": [
            "aws_s3_bucket.s3_bucket"
          ]
        },
        {
          "index_key": "assets/roboto-cyrillic-500-normal-YnJLGrUm.woff",
          "schema_version": 0,
          "attributes": {
            "acl": null,
            "arn": "arn:aws:s3:::terraform-credix-case-fabricio-ga3ok8su-bucket/assets/roboto-cyrillic-500-normal-YnJLGrUm.woff",
            "bucket": "terraform-credix-case-fabricio-ga3ok8su-bucket",
            "bucket_key_enabled": false,
            "cache_control": "",
            "checksum_algorithm": null,
            "checksum_crc32": "",
            "checksum_crc32c": "",
            "checksum_sha1": "",
            "checksum_sha256": "",
            "content": null,
            "content_base64": null,
            "content_disposition": "",
            "content_encoding": "",
            "content_language": "",
            "content_type": "application/octet-stream",
            "etag": "f4cb2466d7964e0550e66eafebaef1af",
            "force_destroy": false,
            "id": "assets/roboto-cyrillic-500-normal-YnJLGrUm.woff",
            "key": "assets/roboto-cyrillic-500-normal-YnJLGrUm.woff",
            "kms_key_id": null,
            "metadata": null,
            "object_lock_legal_hold_status": "",
            "object_lock_mode": "",
            "object_lock_retain_until_date": "",
            "override_provider": [],
            "server_side_encryption": "AES256",
            "source": "../front/dist/assets/roboto-cyrillic-500-normal-YnJLGrUm.woff",
            "source_hash": null,
            "storage_class": "STANDARD",
            "tags": null,
            "tags_all": {},
            "version_id": "",
            "website_redirect": ""
          },
          "sensitive_attributes": [],
          "private": "bnVsbA==",
          "dependencies": [
            "aws_s3_bucket.s3_bucket"
          ]
        },
        {
          "index_key": "assets/roboto-cyrillic-500-normal-_hamcpv8.woff2",
          "schema_version": 0,
          "attributes": {
            "acl": null,
            "arn": "arn:aws:s3:::terraform-credix-case-fabricio-ga3ok8su-bucket/assets/roboto-cyrillic-500-normal-_hamcpv8.woff2",
            "bucket": "terraform-credix-case-fabricio-ga3ok8su-bucket",
            "bucket_key_enabled": false,
            "cache_control": "",
            "checksum_algorithm": null,
            "checksum_crc32": "",
            "checksum_crc32c": "",
            "checksum_sha1": "",
            "checksum_sha256": "",
            "content": null,
            "content_base64": null,
            "content_disposition": "",
            "content_encoding": "",
            "content_language": "",
            "content_type": "application/octet-stream",
            "etag": "48d67106bd6c2a4bb828b08d7a404256",
            "force_destroy": false,
            "id": "assets/roboto-cyrillic-500-normal-_hamcpv8.woff2",
            "key": "assets/roboto-cyrillic-500-normal-_hamcpv8.woff2",
            "kms_key_id": null,
            "metadata": null,
            "object_lock_legal_hold_status": "",
            "object_lock_mode": "",
            "object_lock_retain_until_date": "",
            "override_provider": [],
            "server_side_encryption": "AES256",
            "source": "../front/dist/assets/roboto-cyrillic-500-normal-_hamcpv8.woff2",
            "source_hash": null,
            "storage_class": "STANDARD",
            "tags": null,
            "tags_all": {},
            "version_id": "",
            "website_redirect": ""
          },
          "sensitive_attributes": [],
          "private": "bnVsbA==",
          "dependencies": [
            "aws_s3_bucket.s3_bucket"
          ]
        },
        {
          "index_key": "assets/roboto-cyrillic-700-normal-BJaAVvFw.woff",
          "schema_version": 0,
          "attributes": {
            "acl": null,
            "arn": "arn:aws:s3:::terraform-credix-case-fabricio-ga3ok8su-bucket/assets/roboto-cyrillic-700-normal-BJaAVvFw.woff",
            "bucket": "terraform-credix-case-fabricio-ga3ok8su-bucket",
            "bucket_key_enabled": false,
            "cache_control": "",
            "checksum_algorithm": null,
            "checksum_crc32": "",
            "checksum_crc32c": "",
            "checksum_sha1": "",
            "checksum_sha256": "",
            "content": null,
            "content_base64": null,
            "content_disposition": "",
            "content_encoding": "",
            "content_language": "",
            "content_type": "application/octet-stream",
            "etag": "1feec6633913481eae3bd7e1d00ff900",
            "force_destroy": false,
            "id": "assets/roboto-cyrillic-700-normal-BJaAVvFw.woff",
            "key": "assets/roboto-cyrillic-700-normal-BJaAVvFw.woff",
            "kms_key_id": null,
            "metadata": null,
            "object_lock_legal_hold_status": "",
            "object_lock_mode": "",
            "object_lock_retain_until_date": "",
            "override_provider": [],
            "server_side_encryption": "AES256",
            "source": "../front/dist/assets/roboto-cyrillic-700-normal-BJaAVvFw.woff",
            "source_hash": null,
            "storage_class": "STANDARD",
            "tags": null,
            "tags_all": {},
            "version_id": "",
            "website_redirect": ""
          },
          "sensitive_attributes": [],
          "private": "bnVsbA==",
          "dependencies": [
            "aws_s3_bucket.s3_bucket"
          ]
        },
        {
          "index_key": "assets/roboto-cyrillic-700-normal-jruQITdB.woff2",
          "schema_version": 0,
          "attributes": {
            "acl": null,
            "arn": "arn:aws:s3:::terraform-credix-case-fabricio-ga3ok8su-bucket/assets/roboto-cyrillic-700-normal-jruQITdB.woff2",
            "bucket": "terraform-credix-case-fabricio-ga3ok8su-bucket",
            "bucket_key_enabled": false,
            "cache_control": "",
            "checksum_algorithm": null,
            "checksum_crc32": "",
            "checksum_crc32c": "",
            "checksum_sha1": "",
            "checksum_sha256": "",
            "content": null,
            "content_base64": null,
            "content_disposition": "",
            "content_encoding": "",
            "content_language": "",
            "content_type": "application/octet-stream",
            "etag": "df38e253b41522217f4b0f1fde319032",
            "force_destroy": false,
            "id": "assets/roboto-cyrillic-700-normal-jruQITdB.woff2",
            "key": "assets/roboto-cyrillic-700-normal-jruQITdB.woff2",
            "kms_key_id": null,
            "metadata": null,
            "object_lock_legal_hold_status": "",
            "object_lock_mode": "",
            "object_lock_retain_until_date": "",
            "override_provider": [],
            "server_side_encryption": "AES256",
            "source": "../front/dist/assets/roboto-cyrillic-700-normal-jruQITdB.woff2",
            "source_hash": null,
            "storage_class": "STANDARD",
            "tags": null,
            "tags_all": {},
            "version_id": "",
            "website_redirect": ""
          },
          "sensitive_attributes": [],
          "private": "bnVsbA==",
          "dependencies": [
            "aws_s3_bucket.s3_bucket"
          ]
        },
        {
          "index_key": "assets/roboto-cyrillic-ext-300-normal-BLLmCegk.woff",
          "schema_version": 0,
          "attributes": {
            "acl": null,
            "arn": "arn:aws:s3:::terraform-credix-case-fabricio-ga3ok8su-bucket/assets/roboto-cyrillic-ext-300-normal-BLLmCegk.woff",
            "bucket": "terraform-credix-case-fabricio-ga3ok8su-bucket",
            "bucket_key_enabled": false,
            "cache_control": "",
            "checksum_algorithm": null,
            "checksum_crc32": "",
            "checksum_crc32c": "",
            "checksum_sha1": "",
            "checksum_sha256": "",
            "content": null,
            "content_base64": null,
            "content_disposition": "",
            "content_encoding": "",
            "content_language": "",
            "content_type": "application/octet-stream",
            "etag": "91ed8748fe4cd59310fb8a3073206f1a",
            "force_destroy": false,
            "id": "assets/roboto-cyrillic-ext-300-normal-BLLmCegk.woff",
            "key": "assets/roboto-cyrillic-ext-300-normal-BLLmCegk.woff",
            "kms_key_id": null,
            "metadata": null,
            "object_lock_legal_hold_status": "",
            "object_lock_mode": "",
            "object_lock_retain_until_date": "",
            "override_provider": [],
            "server_side_encryption": "AES256",
            "source": "../front/dist/assets/roboto-cyrillic-ext-300-normal-BLLmCegk.woff",
            "source_hash": null,
            "storage_class": "STANDARD",
            "tags": null,
            "tags_all": {},
            "version_id": "",
            "website_redirect": ""
          },
          "sensitive_attributes": [],
          "private": "bnVsbA==",
          "dependencies": [
            "aws_s3_bucket.s3_bucket"
          ]
        },
        {
          "index_key": "assets/roboto-cyrillic-ext-300-normal-Chhwl1Jq.woff2",
          "schema_version": 0,
          "attributes": {
            "acl": null,
            "arn": "arn:aws:s3:::terraform-credix-case-fabricio-ga3ok8su-bucket/assets/roboto-cyrillic-ext-300-normal-Chhwl1Jq.woff2",
            "bucket": "terraform-credix-case-fabricio-ga3ok8su-bucket",
            "bucket_key_enabled": false,
            "cache_control": "",
            "checksum_algorithm": null,
            "checksum_crc32": "",
            "checksum_crc32c": "",
            "checksum_sha1": "",
            "checksum_sha256": "",
            "content": null,
            "content_base64": null,
            "content_disposition": "",
            "content_encoding": "",
            "content_language": "",
            "content_type": "application/octet-stream",
            "etag": "25169ebbf62fcfdb569000fa9f74d884",
            "force_destroy": false,
            "id": "assets/roboto-cyrillic-ext-300-normal-Chhwl1Jq.woff2",
            "key": "assets/roboto-cyrillic-ext-300-normal-Chhwl1Jq.woff2",
            "kms_key_id": null,
            "metadata": null,
            "object_lock_legal_hold_status": "",
            "object_lock_mode": "",
            "object_lock_retain_until_date": "",
            "override_provider": [],
            "server_side_encryption": "AES256",
            "source": "../front/dist/assets/roboto-cyrillic-ext-300-normal-Chhwl1Jq.woff2",
            "source_hash": null,
            "storage_class": "STANDARD",
            "tags": null,
            "tags_all": {},
            "version_id": "",
            "website_redirect": ""
          },
          "sensitive_attributes": [],
          "private": "bnVsbA==",
          "dependencies": [
            "aws_s3_bucket.s3_bucket"
          ]
        },
        {
          "index_key": "assets/roboto-cyrillic-ext-400-normal-D76n7Daw.woff2",
          "schema_version": 0,
          "attributes": {
            "acl": null,
            "arn": "arn:aws:s3:::terraform-credix-case-fabricio-ga3ok8su-bucket/assets/roboto-cyrillic-ext-400-normal-D76n7Daw.woff2",
            "bucket": "terraform-credix-case-fabricio-ga3ok8su-bucket",
            "bucket_key_enabled": false,
            "cache_control": "",
            "checksum_algorithm": null,
            "checksum_crc32": "",
            "checksum_crc32c": "",
            "checksum_sha1": "",
            "checksum_sha256": "",
            "content": null,
            "content_base64": null,
            "content_disposition": "",
            "content_encoding": "",
            "content_language": "",
            "content_type": "application/octet-stream",
            "etag": "1f8be5ebc269054d4d51bf80367dc757",
            "force_destroy": false,
            "id": "assets/roboto-cyrillic-ext-400-normal-D76n7Daw.woff2",
            "key": "assets/roboto-cyrillic-ext-400-normal-D76n7Daw.woff2",
            "kms_key_id": null,
            "metadata": null,
            "object_lock_legal_hold_status": "",
            "object_lock_mode": "",
            "object_lock_retain_until_date": "",
            "override_provider": [],
            "server_side_encryption": "AES256",
            "source": "../front/dist/assets/roboto-cyrillic-ext-400-normal-D76n7Daw.woff2",
            "source_hash": null,
            "storage_class": "STANDARD",
            "tags": null,
            "tags_all": {},
            "version_id": "",
            "website_redirect": ""
          },
          "sensitive_attributes": [],
          "private": "bnVsbA==",
          "dependencies": [
            "aws_s3_bucket.s3_bucket"
          ]
        },
        {
          "index_key": "assets/roboto-cyrillic-ext-400-normal-b0JluIOJ.woff",
          "schema_version": 0,
          "attributes": {
            "acl": null,
            "arn": "arn:aws:s3:::terraform-credix-case-fabricio-ga3ok8su-bucket/assets/roboto-cyrillic-ext-400-normal-b0JluIOJ.woff",
            "bucket": "terraform-credix-case-fabricio-ga3ok8su-bucket",
            "bucket_key_enabled": false,
            "cache_control": "",
            "checksum_algorithm": null,
            "checksum_crc32": "",
            "checksum_crc32c": "",
            "checksum_sha1": "",
            "checksum_sha256": "",
            "content": null,
            "content_base64": null,
            "content_disposition": "",
            "content_encoding": "",
            "content_language": "",
            "content_type": "application/octet-stream",
            "etag": "665fde26fd1d03309036fc53ac6b8a6b",
            "force_destroy": false,
            "id": "assets/roboto-cyrillic-ext-400-normal-b0JluIOJ.woff",
            "key": "assets/roboto-cyrillic-ext-400-normal-b0JluIOJ.woff",
            "kms_key_id": null,
            "metadata": null,
            "object_lock_legal_hold_status": "",
            "object_lock_mode": "",
            "object_lock_retain_until_date": "",
            "override_provider": [],
            "server_side_encryption": "AES256",
            "source": "../front/dist/assets/roboto-cyrillic-ext-400-normal-b0JluIOJ.woff",
            "source_hash": null,
            "storage_class": "STANDARD",
            "tags": null,
            "tags_all": {},
            "version_id": "",
            "website_redirect": ""
          },
          "sensitive_attributes": [],
          "private": "bnVsbA==",
          "dependencies": [
            "aws_s3_bucket.s3_bucket"
          ]
        },
        {
          "index_key": "assets/roboto-cyrillic-ext-500-normal-37WQE4S0.woff",
          "schema_version": 0,
          "attributes": {
            "acl": null,
            "arn": "arn:aws:s3:::terraform-credix-case-fabricio-ga3ok8su-bucket/assets/roboto-cyrillic-ext-500-normal-37WQE4S0.woff",
            "bucket": "terraform-credix-case-fabricio-ga3ok8su-bucket",
            "bucket_key_enabled": false,
            "cache_control": "",
            "checksum_algorithm": null,
            "checksum_crc32": "",
            "checksum_crc32c": "",
            "checksum_sha1": "",
            "checksum_sha256": "",
            "content": null,
            "content_base64": null,
            "content_disposition": "",
            "content_encoding": "",
            "content_language": "",
            "content_type": "application/octet-stream",
            "etag": "23974dc4931ac0b4dc8f8cf7dfdfa6f7",
            "force_destroy": false,
            "id": "assets/roboto-cyrillic-ext-500-normal-37WQE4S0.woff",
            "key": "assets/roboto-cyrillic-ext-500-normal-37WQE4S0.woff",
            "kms_key_id": null,
            "metadata": null,
            "object_lock_legal_hold_status": "",
            "object_lock_mode": "",
            "object_lock_retain_until_date": "",
            "override_provider": [],
            "server_side_encryption": "AES256",
            "source": "../front/dist/assets/roboto-cyrillic-ext-500-normal-37WQE4S0.woff",
            "source_hash": null,
            "storage_class": "STANDARD",
            "tags": null,
            "tags_all": {},
            "version_id": "",
            "website_redirect": ""
          },
          "sensitive_attributes": [],
          "private": "bnVsbA==",
          "dependencies": [
            "aws_s3_bucket.s3_bucket"
          ]
        },
        {
          "index_key": "assets/roboto-cyrillic-ext-500-normal-BJvL3D7h.woff2",
          "schema_version": 0,
          "attributes": {
            "acl": null,
            "arn": "arn:aws:s3:::terraform-credix-case-fabricio-ga3ok8su-bucket/assets/roboto-cyrillic-ext-500-normal-BJvL3D7h.woff2",
            "bucket": "terraform-credix-case-fabricio-ga3ok8su-bucket",
            "bucket_key_enabled": false,
            "cache_control": "",
            "checksum_algorithm": null,
            "checksum_crc32": "",
            "checksum_crc32c": "",
            "checksum_sha1": "",
            "checksum_sha256": "",
            "content": null,
            "content_base64": null,
            "content_disposition": "",
            "content_encoding": "",
            "content_language": "",
            "content_type": "application/octet-stream",
            "etag": "e44bedcdeaaba5d752612e3a0b36aa1b",
            "force_destroy": false,
            "id": "assets/roboto-cyrillic-ext-500-normal-BJvL3D7h.woff2",
            "key": "assets/roboto-cyrillic-ext-500-normal-BJvL3D7h.woff2",
            "kms_key_id": null,
            "metadata": null,
            "object_lock_legal_hold_status": "",
            "object_lock_mode": "",
            "object_lock_retain_until_date": "",
            "override_provider": [],
            "server_side_encryption": "AES256",
            "source": "../front/dist/assets/roboto-cyrillic-ext-500-normal-BJvL3D7h.woff2",
            "source_hash": null,
            "storage_class": "STANDARD",
            "tags": null,
            "tags_all": {},
            "version_id": "",
            "website_redirect": ""
          },
          "sensitive_attributes": [],
          "private": "bnVsbA==",
          "dependencies": [
            "aws_s3_bucket.s3_bucket"
          ]
        },
        {
          "index_key": "assets/roboto-cyrillic-ext-700-normal-CyZgh00P.woff2",
          "schema_version": 0,
          "attributes": {
            "acl": null,
            "arn": "arn:aws:s3:::terraform-credix-case-fabricio-ga3ok8su-bucket/assets/roboto-cyrillic-ext-700-normal-CyZgh00P.woff2",
            "bucket": "terraform-credix-case-fabricio-ga3ok8su-bucket",
            "bucket_key_enabled": false,
            "cache_control": "",
            "checksum_algorithm": null,
            "checksum_crc32": "",
            "checksum_crc32c": "",
            "checksum_sha1": "",
            "checksum_sha256": "",
            "content": null,
            "content_base64": null,
            "content_disposition": "",
            "content_encoding": "",
            "content_language": "",
            "content_type": "application/octet-stream",
            "etag": "dceb3adfb38773062efab8943a38e5ca",
            "force_destroy": false,
            "id": "assets/roboto-cyrillic-ext-700-normal-CyZgh00P.woff2",
            "key": "assets/roboto-cyrillic-ext-700-normal-CyZgh00P.woff2",
            "kms_key_id": null,
            "metadata": null,
            "object_lock_legal_hold_status": "",
            "object_lock_mode": "",
            "object_lock_retain_until_date": "",
            "override_provider": [],
            "server_side_encryption": "AES256",
            "source": "../front/dist/assets/roboto-cyrillic-ext-700-normal-CyZgh00P.woff2",
            "source_hash": null,
            "storage_class": "STANDARD",
            "tags": null,
            "tags_all": {},
            "version_id": "",
            "website_redirect": ""
          },
          "sensitive_attributes": [],
          "private": "bnVsbA==",
          "dependencies": [
            "aws_s3_bucket.s3_bucket"
          ]
        },
        {
          "index_key": "assets/roboto-cyrillic-ext-700-normal-DXzexxfu.woff",
          "schema_version": 0,
          "attributes": {
            "acl": null,
            "arn": "arn:aws:s3:::terraform-credix-case-fabricio-ga3ok8su-bucket/assets/roboto-cyrillic-ext-700-normal-DXzexxfu.woff",
            "bucket": "terraform-credix-case-fabricio-ga3ok8su-bucket",
            "bucket_key_enabled": false,
            "cache_control": "",
            "checksum_algorithm": null,
            "checksum_crc32": "",
            "checksum_crc32c": "",
            "checksum_sha1": "",
            "checksum_sha256": "",
            "content": null,
            "content_base64": null,
            "content_disposition": "",
            "content_encoding": "",
            "content_language": "",
            "content_type": "application/octet-stream",
            "etag": "32391bea6c683efea8f82e9f0f0fd463",
            "force_destroy": false,
            "id": "assets/roboto-cyrillic-ext-700-normal-DXzexxfu.woff",
            "key": "assets/roboto-cyrillic-ext-700-normal-DXzexxfu.woff",
            "kms_key_id": null,
            "metadata": null,
            "object_lock_legal_hold_status": "",
            "object_lock_mode": "",
            "object_lock_retain_until_date": "",
            "override_provider": [],
            "server_side_encryption": "AES256",
            "source": "../front/dist/assets/roboto-cyrillic-ext-700-normal-DXzexxfu.woff",
            "source_hash": null,
            "storage_class": "STANDARD",
            "tags": null,
            "tags_all": {},
            "version_id": "",
            "website_redirect": ""
          },
          "sensitive_attributes": [],
          "private": "bnVsbA==",
          "dependencies": [
            "aws_s3_bucket.s3_bucket"
          ]
        },
        {
          "index_key": "assets/roboto-greek-300-normal-Bx8edVml.woff2",
          "schema_version": 0,
          "attributes": {
            "acl": null,
            "arn": "arn:aws:s3:::terraform-credix-case-fabricio-ga3ok8su-bucket/assets/roboto-greek-300-normal-Bx8edVml.woff2",
            "bucket": "terraform-credix-case-fabricio-ga3ok8su-bucket",
            "bucket_key_enabled": false,
            "cache_control": "",
            "checksum_algorithm": null,
            "checksum_crc32": "",
            "checksum_crc32c": "",
            "checksum_sha1": "",
            "checksum_sha256": "",
            "content": null,
            "content_base64": null,
            "content_disposition": "",
            "content_encoding": "",
            "content_language": "",
            "content_type": "application/octet-stream",
            "etag": "81ff8d87a8014823a185024273c99afc",
            "force_destroy": false,
            "id": "assets/roboto-greek-300-normal-Bx8edVml.woff2",
            "key": "assets/roboto-greek-300-normal-Bx8edVml.woff2",
            "kms_key_id": null,
            "metadata": null,
            "object_lock_legal_hold_status": "",
            "object_lock_mode": "",
            "object_lock_retain_until_date": "",
            "override_provider": [],
            "server_side_encryption": "AES256",
            "source": "../front/dist/assets/roboto-greek-300-normal-Bx8edVml.woff2",
            "source_hash": null,
            "storage_class": "STANDARD",
            "tags": null,
            "tags_all": {},
            "version_id": "",
            "website_redirect": ""
          },
          "sensitive_attributes": [],
          "private": "bnVsbA==",
          "dependencies": [
            "aws_s3_bucket.s3_bucket"
          ]
        },
        {
          "index_key": "assets/roboto-greek-300-normal-D3gN5oZ1.woff",
          "schema_version": 0,
          "attributes": {
            "acl": null,
            "arn": "arn:aws:s3:::terraform-credix-case-fabricio-ga3ok8su-bucket/assets/roboto-greek-300-normal-D3gN5oZ1.woff",
            "bucket": "terraform-credix-case-fabricio-ga3ok8su-bucket",
            "bucket_key_enabled": false,
            "cache_control": "",
            "checksum_algorithm": null,
            "checksum_crc32": "",
            "checksum_crc32c": "",
            "checksum_sha1": "",
            "checksum_sha256": "",
            "content": null,
            "content_base64": null,
            "content_disposition": "",
            "content_encoding": "",
            "content_language": "",
            "content_type": "application/octet-stream",
            "etag": "eb04ea6f480f6ceaa38e6ca13b127785",
            "force_destroy": false,
            "id": "assets/roboto-greek-300-normal-D3gN5oZ1.woff",
            "key": "assets/roboto-greek-300-normal-D3gN5oZ1.woff",
            "kms_key_id": null,
            "metadata": null,
            "object_lock_legal_hold_status": "",
            "object_lock_mode": "",
            "object_lock_retain_until_date": "",
            "override_provider": [],
            "server_side_encryption": "AES256",
            "source": "../front/dist/assets/roboto-greek-300-normal-D3gN5oZ1.woff",
            "source_hash": null,
            "storage_class": "STANDARD",
            "tags": null,
            "tags_all": {},
            "version_id": "",
            "website_redirect": ""
          },
          "sensitive_attributes": [],
          "private": "bnVsbA==",
          "dependencies": [
            "aws_s3_bucket.s3_bucket"
          ]
        },
        {
          "index_key": "assets/roboto-greek-400-normal-IIc_WWwF.woff",
          "schema_version": 0,
          "attributes": {
            "acl": null,
            "arn": "arn:aws:s3:::terraform-credix-case-fabricio-ga3ok8su-bucket/assets/roboto-greek-400-normal-IIc_WWwF.woff",
            "bucket": "terraform-credix-case-fabricio-ga3ok8su-bucket",
            "bucket_key_enabled": false,
            "cache_control": "",
            "checksum_algorithm": null,
            "checksum_crc32": "",
            "checksum_crc32c": "",
            "checksum_sha1": "",
            "checksum_sha256": "",
            "content": null,
            "content_base64": null,
            "content_disposition": "",
            "content_encoding": "",
            "content_language": "",
            "content_type": "application/octet-stream",
            "etag": "efb533b920d98a60572de6f856371725",
            "force_destroy": false,
            "id": "assets/roboto-greek-400-normal-IIc_WWwF.woff",
            "key": "assets/roboto-greek-400-normal-IIc_WWwF.woff",
            "kms_key_id": null,
            "metadata": null,
            "object_lock_legal_hold_status": "",
            "object_lock_mode": "",
            "object_lock_retain_until_date": "",
            "override_provider": [],
            "server_side_encryption": "AES256",
            "source": "../front/dist/assets/roboto-greek-400-normal-IIc_WWwF.woff",
            "source_hash": null,
            "storage_class": "STANDARD",
            "tags": null,
            "tags_all": {},
            "version_id": "",
            "website_redirect": ""
          },
          "sensitive_attributes": [],
          "private": "bnVsbA==",
          "dependencies": [
            "aws_s3_bucket.s3_bucket"
          ]
        },
        {
          "index_key": "assets/roboto-greek-400-normal-LPh2sqOm.woff2",
          "schema_version": 0,
          "attributes": {
            "acl": null,
            "arn": "arn:aws:s3:::terraform-credix-case-fabricio-ga3ok8su-bucket/assets/roboto-greek-400-normal-LPh2sqOm.woff2",
            "bucket": "terraform-credix-case-fabricio-ga3ok8su-bucket",
            "bucket_key_enabled": false,
            "cache_control": "",
            "checksum_algorithm": null,
            "checksum_crc32": "",
            "checksum_crc32c": "",
            "checksum_sha1": "",
            "checksum_sha256": "",
            "content": null,
            "content_base64": null,
            "content_disposition": "",
            "content_encoding": "",
            "content_language": "",
            "content_type": "application/octet-stream",
            "etag": "787b4312733a32656f6a396dbe02abcc",
            "force_destroy": false,
            "id": "assets/roboto-greek-400-normal-LPh2sqOm.woff2",
            "key": "assets/roboto-greek-400-normal-LPh2sqOm.woff2",
            "kms_key_id": null,
            "metadata": null,
            "object_lock_legal_hold_status": "",
            "object_lock_mode": "",
            "object_lock_retain_until_date": "",
            "override_provider": [],
            "server_side_encryption": "AES256",
            "source": "../front/dist/assets/roboto-greek-400-normal-LPh2sqOm.woff2",
            "source_hash": null,
            "storage_class": "STANDARD",
            "tags": null,
            "tags_all": {},
            "version_id": "",
            "website_redirect": ""
          },
          "sensitive_attributes": [],
          "private": "bnVsbA==",
          "dependencies": [
            "aws_s3_bucket.s3_bucket"
          ]
        },
        {
          "index_key": "assets/roboto-greek-500-normal-Bg8BLohm.woff2",
          "schema_version": 0,
          "attributes": {
            "acl": null,
            "arn": "arn:aws:s3:::terraform-credix-case-fabricio-ga3ok8su-bucket/assets/roboto-greek-500-normal-Bg8BLohm.woff2",
            "bucket": "terraform-credix-case-fabricio-ga3ok8su-bucket",
            "bucket_key_enabled": false,
            "cache_control": "",
            "checksum_algorithm": null,
            "checksum_crc32": "",
            "checksum_crc32c": "",
            "checksum_sha1": "",
            "checksum_sha256": "",
            "content": null,
            "content_base64": null,
            "content_disposition": "",
            "content_encoding": "",
            "content_language": "",
            "content_type": "application/octet-stream",
            "etag": "a62d18fce2f2156ad746e2beeeb63fd1",
            "force_destroy": false,
            "id": "assets/roboto-greek-500-normal-Bg8BLohm.woff2",
            "key": "assets/roboto-greek-500-normal-Bg8BLohm.woff2",
            "kms_key_id": null,
            "metadata": null,
            "object_lock_legal_hold_status": "",
            "object_lock_mode": "",
            "object_lock_retain_until_date": "",
            "override_provider": [],
            "server_side_encryption": "AES256",
            "source": "../front/dist/assets/roboto-greek-500-normal-Bg8BLohm.woff2",
            "source_hash": null,
            "storage_class": "STANDARD",
            "tags": null,
            "tags_all": {},
            "version_id": "",
            "website_redirect": ""
          },
          "sensitive_attributes": [],
          "private": "bnVsbA==",
          "dependencies": [
            "aws_s3_bucket.s3_bucket"
          ]
        },
        {
          "index_key": "assets/roboto-greek-500-normal-CdRewbqV.woff",
          "schema_version": 0,
          "attributes": {
            "acl": null,
            "arn": "arn:aws:s3:::terraform-credix-case-fabricio-ga3ok8su-bucket/assets/roboto-greek-500-normal-CdRewbqV.woff",
            "bucket": "terraform-credix-case-fabricio-ga3ok8su-bucket",
            "bucket_key_enabled": false,
            "cache_control": "",
            "checksum_algorithm": null,
            "checksum_crc32": "",
            "checksum_crc32c": "",
            "checksum_sha1": "",
            "checksum_sha256": "",
            "content": null,
            "content_base64": null,
            "content_disposition": "",
            "content_encoding": "",
            "content_language": "",
            "content_type": "application/octet-stream",
            "etag": "ab1ea155552e9bb21af93964c83ff89c",
            "force_destroy": false,
            "id": "assets/roboto-greek-500-normal-CdRewbqV.woff",
            "key": "assets/roboto-greek-500-normal-CdRewbqV.woff",
            "kms_key_id": null,
            "metadata": null,
            "object_lock_legal_hold_status": "",
            "object_lock_mode": "",
            "object_lock_retain_until_date": "",
            "override_provider": [],
            "server_side_encryption": "AES256",
            "source": "../front/dist/assets/roboto-greek-500-normal-CdRewbqV.woff",
            "source_hash": null,
            "storage_class": "STANDARD",
            "tags": null,
            "tags_all": {},
            "version_id": "",
            "website_redirect": ""
          },
          "sensitive_attributes": [],
          "private": "bnVsbA==",
          "dependencies": [
            "aws_s3_bucket.s3_bucket"
          ]
        },
        {
          "index_key": "assets/roboto-greek-700-normal-1IZ-NEfb.woff",
          "schema_version": 0,
          "attributes": {
            "acl": null,
            "arn": "arn:aws:s3:::terraform-credix-case-fabricio-ga3ok8su-bucket/assets/roboto-greek-700-normal-1IZ-NEfb.woff",
            "bucket": "terraform-credix-case-fabricio-ga3ok8su-bucket",
            "bucket_key_enabled": false,
            "cache_control": "",
            "checksum_algorithm": null,
            "checksum_crc32": "",
            "checksum_crc32c": "",
            "checksum_sha1": "",
            "checksum_sha256": "",
            "content": null,
            "content_base64": null,
            "content_disposition": "",
            "content_encoding": "",
            "content_language": "",
            "content_type": "application/octet-stream",
            "etag": "4e6b465de3cb4c45a3c67e51895c397b",
            "force_destroy": false,
            "id": "assets/roboto-greek-700-normal-1IZ-NEfb.woff",
            "key": "assets/roboto-greek-700-normal-1IZ-NEfb.woff",
            "kms_key_id": null,
            "metadata": null,
            "object_lock_legal_hold_status": "",
            "object_lock_mode": "",
            "object_lock_retain_until_date": "",
            "override_provider": [],
            "server_side_encryption": "AES256",
            "source": "../front/dist/assets/roboto-greek-700-normal-1IZ-NEfb.woff",
            "source_hash": null,
            "storage_class": "STANDARD",
            "tags": null,
            "tags_all": {},
            "version_id": "",
            "website_redirect": ""
          },
          "sensitive_attributes": [],
          "private": "bnVsbA==",
          "dependencies": [
            "aws_s3_bucket.s3_bucket"
          ]
        },
        {
          "index_key": "assets/roboto-greek-700-normal-Bs05n1ZH.woff2",
          "schema_version": 0,
          "attributes": {
            "acl": null,
            "arn": "arn:aws:s3:::terraform-credix-case-fabricio-ga3ok8su-bucket/assets/roboto-greek-700-normal-Bs05n1ZH.woff2",
            "bucket": "terraform-credix-case-fabricio-ga3ok8su-bucket",
            "bucket_key_enabled": false,
            "cache_control": "",
            "checksum_algorithm": null,
            "checksum_crc32": "",
            "checksum_crc32c": "",
            "checksum_sha1": "",
            "checksum_sha256": "",
            "content": null,
            "content_base64": null,
            "content_disposition": "",
            "content_encoding": "",
            "content_language": "",
            "content_type": "application/octet-stream",
            "etag": "46919d09596542bbe9f7335784b5724a",
            "force_destroy": false,
            "id": "assets/roboto-greek-700-normal-Bs05n1ZH.woff2",
            "key": "assets/roboto-greek-700-normal-Bs05n1ZH.woff2",
            "kms_key_id": null,
            "metadata": null,
            "object_lock_legal_hold_status": "",
            "object_lock_mode": "",
            "object_lock_retain_until_date": "",
            "override_provider": [],
            "server_side_encryption": "AES256",
            "source": "../front/dist/assets/roboto-greek-700-normal-Bs05n1ZH.woff2",
            "source_hash": null,
            "storage_class": "STANDARD",
            "tags": null,
            "tags_all": {},
            "version_id": "",
            "website_redirect": ""
          },
          "sensitive_attributes": [],
          "private": "bnVsbA==",
          "dependencies": [
            "aws_s3_bucket.s3_bucket"
          ]
        },
        {
          "index_key": "assets/roboto-latin-300-normal-BZ6gvbSO.woff",
          "schema_version": 0,
          "attributes": {
            "acl": null,
            "arn": "arn:aws:s3:::terraform-credix-case-fabricio-ga3ok8su-bucket/assets/roboto-latin-300-normal-BZ6gvbSO.woff",
            "bucket": "terraform-credix-case-fabricio-ga3ok8su-bucket",
            "bucket_key_enabled": false,
            "cache_control": "",
            "checksum_algorithm": null,
            "checksum_crc32": "",
            "checksum_crc32c": "",
            "checksum_sha1": "",
            "checksum_sha256": "",
            "content": null,
            "content_base64": null,
            "content_disposition": "",
            "content_encoding": "",
            "content_language": "",
            "content_type": "application/octet-stream",
            "etag": "e4529061a1063413ff93f1776d83ff5d",
            "force_destroy": false,
            "id": "assets/roboto-latin-300-normal-BZ6gvbSO.woff",
            "key": "assets/roboto-latin-300-normal-BZ6gvbSO.woff",
            "kms_key_id": null,
            "metadata": null,
            "object_lock_legal_hold_status": "",
            "object_lock_mode": "",
            "object_lock_retain_until_date": "",
            "override_provider": [],
            "server_side_encryption": "AES256",
            "source": "../front/dist/assets/roboto-latin-300-normal-BZ6gvbSO.woff",
            "source_hash": null,
            "storage_class": "STANDARD",
            "tags": null,
            "tags_all": {},
            "version_id": "",
            "website_redirect": ""
          },
          "sensitive_attributes": [],
          "private": "bnVsbA==",
          "dependencies": [
            "aws_s3_bucket.s3_bucket"
          ]
        },
        {
          "index_key": "assets/roboto-latin-300-normal-BizgZZ3y.woff2",
          "schema_version": 0,
          "attributes": {
            "acl": null,
            "arn": "arn:aws:s3:::terraform-credix-case-fabricio-ga3ok8su-bucket/assets/roboto-latin-300-normal-BizgZZ3y.woff2",
            "bucket": "terraform-credix-case-fabricio-ga3ok8su-bucket",
            "bucket_key_enabled": false,
            "cache_control": "",
            "checksum_algorithm": null,
            "checksum_crc32": "",
            "checksum_crc32c": "",
            "checksum_sha1": "",
            "checksum_sha256": "",
            "content": null,
            "content_base64": null,
            "content_disposition": "",
            "content_encoding": "",
            "content_language": "",
            "content_type": "application/octet-stream",
            "etag": "7fda4c62c1bdeae7a08e6fd438104bac",
            "force_destroy": false,
            "id": "assets/roboto-latin-300-normal-BizgZZ3y.woff2",
            "key": "assets/roboto-latin-300-normal-BizgZZ3y.woff2",
            "kms_key_id": null,
            "metadata": null,
            "object_lock_legal_hold_status": "",
            "object_lock_mode": "",
            "object_lock_retain_until_date": "",
            "override_provider": [],
            "server_side_encryption": "AES256",
            "source": "../front/dist/assets/roboto-latin-300-normal-BizgZZ3y.woff2",
            "source_hash": null,
            "storage_class": "STANDARD",
            "tags": null,
            "tags_all": {},
            "version_id": "",
            "website_redirect": ""
          },
          "sensitive_attributes": [],
          "private": "bnVsbA==",
          "dependencies": [
            "aws_s3_bucket.s3_bucket"
          ]
        },
        {
          "index_key": "assets/roboto-latin-400-normal-BVyCgWwA.woff",
          "schema_version": 0,
          "attributes": {
            "acl": null,
            "arn": "arn:aws:s3:::terraform-credix-case-fabricio-ga3ok8su-bucket/assets/roboto-latin-400-normal-BVyCgWwA.woff",
            "bucket": "terraform-credix-case-fabricio-ga3ok8su-bucket",
            "bucket_key_enabled": false,
            "cache_control": "",
            "checksum_algorithm": null,
            "checksum_crc32": "",
            "checksum_crc32c": "",
            "checksum_sha1": "",
            "checksum_sha256": "",
            "content": null,
            "content_base64": null,
            "content_disposition": "",
            "content_encoding": "",
            "content_language": "",
            "content_type": "application/octet-stream",
            "etag": "5ff4334a292b7c772dfe5eb77b2cdac0",
            "force_destroy": false,
            "id": "assets/roboto-latin-400-normal-BVyCgWwA.woff",
            "key": "assets/roboto-latin-400-normal-BVyCgWwA.woff",
            "kms_key_id": null,
            "metadata": null,
            "object_lock_legal_hold_status": "",
            "object_lock_mode": "",
            "object_lock_retain_until_date": "",
            "override_provider": [],
            "server_side_encryption": "AES256",
            "source": "../front/dist/assets/roboto-latin-400-normal-BVyCgWwA.woff",
            "source_hash": null,
            "storage_class": "STANDARD",
            "tags": null,
            "tags_all": {},
            "version_id": "",
            "website_redirect": ""
          },
          "sensitive_attributes": [],
          "private": "bnVsbA==",
          "dependencies": [
            "aws_s3_bucket.s3_bucket"
          ]
        },
        {
          "index_key": "assets/roboto-latin-400-normal-DXyFPIdK.woff2",
          "schema_version": 0,
          "attributes": {
            "acl": null,
            "arn": "arn:aws:s3:::terraform-credix-case-fabricio-ga3ok8su-bucket/assets/roboto-latin-400-normal-DXyFPIdK.woff2",
            "bucket": "terraform-credix-case-fabricio-ga3ok8su-bucket",
            "bucket_key_enabled": false,
            "cache_control": "",
            "checksum_algorithm": null,
            "checksum_crc32": "",
            "checksum_crc32c": "",
            "checksum_sha1": "",
            "checksum_sha256": "",
            "content": null,
            "content_base64": null,
            "content_disposition": "",
            "content_encoding": "",
            "content_language": "",
            "content_type": "application/octet-stream",
            "etag": "8eff0b8045fd1959e117f85654ae7770",
            "force_destroy": false,
            "id": "assets/roboto-latin-400-normal-DXyFPIdK.woff2",
            "key": "assets/roboto-latin-400-normal-DXyFPIdK.woff2",
            "kms_key_id": null,
            "metadata": null,
            "object_lock_legal_hold_status": "",
            "object_lock_mode": "",
            "object_lock_retain_until_date": "",
            "override_provider": [],
            "server_side_encryption": "AES256",
            "source": "../front/dist/assets/roboto-latin-400-normal-DXyFPIdK.woff2",
            "source_hash": null,
            "storage_class": "STANDARD",
            "tags": null,
            "tags_all": {},
            "version_id": "",
            "website_redirect": ""
          },
          "sensitive_attributes": [],
          "private": "bnVsbA==",
          "dependencies": [
            "aws_s3_bucket.s3_bucket"
          ]
        },
        {
          "index_key": "assets/roboto-latin-500-normal-C6iW8rdg.woff2",
          "schema_version": 0,
          "attributes": {
            "acl": null,
            "arn": "arn:aws:s3:::terraform-credix-case-fabricio-ga3ok8su-bucket/assets/roboto-latin-500-normal-C6iW8rdg.woff2",
            "bucket": "terraform-credix-case-fabricio-ga3ok8su-bucket",
            "bucket_key_enabled": false,
            "cache_control": "",
            "checksum_algorithm": null,
            "checksum_crc32": "",
            "checksum_crc32c": "",
            "checksum_sha1": "",
            "checksum_sha256": "",
            "content": null,
            "content_base64": null,
            "content_disposition": "",
            "content_encoding": "",
            "content_language": "",
            "content_type": "application/octet-stream",
            "etag": "115c2d84727b41da5e9b4394887a8c40",
            "force_destroy": false,
            "id": "assets/roboto-latin-500-normal-C6iW8rdg.woff2",
            "key": "assets/roboto-latin-500-normal-C6iW8rdg.woff2",
            "kms_key_id": null,
            "metadata": null,
            "object_lock_legal_hold_status": "",
            "object_lock_mode": "",
            "object_lock_retain_until_date": "",
            "override_provider": [],
            "server_side_encryption": "AES256",
            "source": "../front/dist/assets/roboto-latin-500-normal-C6iW8rdg.woff2",
            "source_hash": null,
            "storage_class": "STANDARD",
            "tags": null,
            "tags_all": {},
            "version_id": "",
            "website_redirect": ""
          },
          "sensitive_attributes": [],
          "private": "bnVsbA==",
          "dependencies": [
            "aws_s3_bucket.s3_bucket"
          ]
        },
        {
          "index_key": "assets/roboto-latin-500-normal-rpP1_v3s.woff",
          "schema_version": 0,
          "attributes": {
            "acl": null,
            "arn": "arn:aws:s3:::terraform-credix-case-fabricio-ga3ok8su-bucket/assets/roboto-latin-500-normal-rpP1_v3s.woff",
            "bucket": "terraform-credix-case-fabricio-ga3ok8su-bucket",
            "bucket_key_enabled": false,
            "cache_control": "",
            "checksum_algorithm": null,
            "checksum_crc32": "",
            "checksum_crc32c": "",
            "checksum_sha1": "",
            "checksum_sha256": "",
            "content": null,
            "content_base64": null,
            "content_disposition": "",
            "content_encoding": "",
            "content_language": "",
            "content_type": "application/octet-stream",
            "etag": "bb35435c1139b49952dd756f6b389bd9",
            "force_destroy": false,
            "id": "assets/roboto-latin-500-normal-rpP1_v3s.woff",
            "key": "assets/roboto-latin-500-normal-rpP1_v3s.woff",
            "kms_key_id": null,
            "metadata": null,
            "object_lock_legal_hold_status": "",
            "object_lock_mode": "",
            "object_lock_retain_until_date": "",
            "override_provider": [],
            "server_side_encryption": "AES256",
            "source": "../front/dist/assets/roboto-latin-500-normal-rpP1_v3s.woff",
            "source_hash": null,
            "storage_class": "STANDARD",
            "tags": null,
            "tags_all": {},
            "version_id": "",
            "website_redirect": ""
          },
          "sensitive_attributes": [],
          "private": "bnVsbA==",
          "dependencies": [
            "aws_s3_bucket.s3_bucket"
          ]
        },
        {
          "index_key": "assets/roboto-latin-700-normal-BWcFiwQV.woff",
          "schema_version": 0,
          "attributes": {
            "acl": null,
            "arn": "arn:aws:s3:::terraform-credix-case-fabricio-ga3ok8su-bucket/assets/roboto-latin-700-normal-BWcFiwQV.woff",
            "bucket": "terraform-credix-case-fabricio-ga3ok8su-bucket",
            "bucket_key_enabled": false,
            "cache_control": "",
            "checksum_algorithm": null,
            "checksum_crc32": "",
            "checksum_crc32c": "",
            "checksum_sha1": "",
            "checksum_sha256": "",
            "content": null,
            "content_base64": null,
            "content_disposition": "",
            "content_encoding": "",
            "content_language": "",
            "content_type": "application/octet-stream",
            "etag": "55bbfe5ac05944198e2d5e5111c77b3e",
            "force_destroy": false,
            "id": "assets/roboto-latin-700-normal-BWcFiwQV.woff",
            "key": "assets/roboto-latin-700-normal-BWcFiwQV.woff",
            "kms_key_id": null,
            "metadata": null,
            "object_lock_legal_hold_status": "",
            "object_lock_mode": "",
            "object_lock_retain_until_date": "",
            "override_provider": [],
            "server_side_encryption": "AES256",
            "source": "../front/dist/assets/roboto-latin-700-normal-BWcFiwQV.woff",
            "source_hash": null,
            "storage_class": "STANDARD",
            "tags": null,
            "tags_all": {},
            "version_id": "",
            "website_redirect": ""
          },
          "sensitive_attributes": [],
          "private": "bnVsbA==",
          "dependencies": [
            "aws_s3_bucket.s3_bucket"
          ]
        },
        {
          "index_key": "assets/roboto-latin-700-normal-CbYYDfWS.woff2",
          "schema_version": 0,
          "attributes": {
            "acl": null,
            "arn": "arn:aws:s3:::terraform-credix-case-fabricio-ga3ok8su-bucket/assets/roboto-latin-700-normal-CbYYDfWS.woff2",
            "bucket": "terraform-credix-case-fabricio-ga3ok8su-bucket",
            "bucket_key_enabled": false,
            "cache_control": "",
            "checksum_algorithm": null,
            "checksum_crc32": "",
            "checksum_crc32c": "",
            "checksum_sha1": "",
            "checksum_sha256": "",
            "content": null,
            "content_base64": null,
            "content_disposition": "",
            "content_encoding": "",
            "content_language": "",
            "content_type": "application/octet-stream",
            "etag": "c83e4437a53d7f849f9d32df3d6b68f3",
            "force_destroy": false,
            "id": "assets/roboto-latin-700-normal-CbYYDfWS.woff2",
            "key": "assets/roboto-latin-700-normal-CbYYDfWS.woff2",
            "kms_key_id": null,
            "metadata": null,
            "object_lock_legal_hold_status": "",
            "object_lock_mode": "",
            "object_lock_retain_until_date": "",
            "override_provider": [],
            "server_side_encryption": "AES256",
            "source": "../front/dist/assets/roboto-latin-700-normal-CbYYDfWS.woff2",
            "source_hash": null,
            "storage_class": "STANDARD",
            "tags": null,
            "tags_all": {},
            "version_id": "",
            "website_redirect": ""
          },
          "sensitive_attributes": [],
          "private": "bnVsbA==",
          "dependencies": [
            "aws_s3_bucket.s3_bucket"
          ]
        },
        {
          "index_key": "assets/roboto-latin-ext-300-normal-BzRVPTS2.woff2",
          "schema_version": 0,
          "attributes": {
            "acl": null,
            "arn": "arn:aws:s3:::terraform-credix-case-fabricio-ga3ok8su-bucket/assets/roboto-latin-ext-300-normal-BzRVPTS2.woff2",
            "bucket": "terraform-credix-case-fabricio-ga3ok8su-bucket",
            "bucket_key_enabled": false,
            "cache_control": "",
            "checksum_algorithm": null,
            "checksum_crc32": "",
            "checksum_crc32c": "",
            "checksum_sha1": "",
            "checksum_sha256": "",
            "content": null,
            "content_base64": null,
            "content_disposition": "",
            "content_encoding": "",
            "content_language": "",
            "content_type": "application/octet-stream",
            "etag": "3f49b6de2f59422b65d8b6e9c449dad2",
            "force_destroy": false,
            "id": "assets/roboto-latin-ext-300-normal-BzRVPTS2.woff2",
            "key": "assets/roboto-latin-ext-300-normal-BzRVPTS2.woff2",
            "kms_key_id": null,
            "metadata": null,
            "object_lock_legal_hold_status": "",
            "object_lock_mode": "",
            "object_lock_retain_until_date": "",
            "override_provider": [],
            "server_side_encryption": "AES256",
            "source": "../front/dist/assets/roboto-latin-ext-300-normal-BzRVPTS2.woff2",
            "source_hash": null,
            "storage_class": "STANDARD",
            "tags": null,
            "tags_all": {},
            "version_id": "",
            "website_redirect": ""
          },
          "sensitive_attributes": [],
          "private": "bnVsbA==",
          "dependencies": [
            "aws_s3_bucket.s3_bucket"
          ]
        },
        {
          "index_key": "assets/roboto-latin-ext-300-normal-Djx841zm.woff",
          "schema_version": 0,
          "attributes": {
            "acl": null,
            "arn": "arn:aws:s3:::terraform-credix-case-fabricio-ga3ok8su-bucket/assets/roboto-latin-ext-300-normal-Djx841zm.woff",
            "bucket": "terraform-credix-case-fabricio-ga3ok8su-bucket",
            "bucket_key_enabled": false,
            "cache_control": "",
            "checksum_algorithm": null,
            "checksum_crc32": "",
            "checksum_crc32c": "",
            "checksum_sha1": "",
            "checksum_sha256": "",
            "content": null,
            "content_base64": null,
            "content_disposition": "",
            "content_encoding": "",
            "content_language": "",
            "content_type": "application/octet-stream",
            "etag": "230baaef43378486fd32689a5b659b8b",
            "force_destroy": false,
            "id": "assets/roboto-latin-ext-300-normal-Djx841zm.woff",
            "key": "assets/roboto-latin-ext-300-normal-Djx841zm.woff",
            "kms_key_id": null,
            "metadata": null,
            "object_lock_legal_hold_status": "",
            "object_lock_mode": "",
            "object_lock_retain_until_date": "",
            "override_provider": [],
            "server_side_encryption": "AES256",
            "source": "../front/dist/assets/roboto-latin-ext-300-normal-Djx841zm.woff",
            "source_hash": null,
            "storage_class": "STANDARD",
            "tags": null,
            "tags_all": {},
            "version_id": "",
            "website_redirect": ""
          },
          "sensitive_attributes": [],
          "private": "bnVsbA==",
          "dependencies": [
            "aws_s3_bucket.s3_bucket"
          ]
        },
        {
          "index_key": "assets/roboto-latin-ext-400-normal-BSFkPfbf.woff",
          "schema_version": 0,
          "attributes": {
            "acl": null,
            "arn": "arn:aws:s3:::terraform-credix-case-fabricio-ga3ok8su-bucket/assets/roboto-latin-ext-400-normal-BSFkPfbf.woff",
            "bucket": "terraform-credix-case-fabricio-ga3ok8su-bucket",
            "bucket_key_enabled": false,
            "cache_control": "",
            "checksum_algorithm": null,
            "checksum_crc32": "",
            "checksum_crc32c": "",
            "checksum_sha1": "",
            "checksum_sha256": "",
            "content": null,
            "content_base64": null,
            "content_disposition": "",
            "content_encoding": "",
            "content_language": "",
            "content_type": "application/octet-stream",
            "etag": "252e349510e4e63b7574b26633ae85ee",
            "force_destroy": false,
            "id": "assets/roboto-latin-ext-400-normal-BSFkPfbf.woff",
            "key": "assets/roboto-latin-ext-400-normal-BSFkPfbf.woff",
            "kms_key_id": null,
            "metadata": null,
            "object_lock_legal_hold_status": "",
            "object_lock_mode": "",
            "object_lock_retain_until_date": "",
            "override_provider": [],
            "server_side_encryption": "AES256",
            "source": "../front/dist/assets/roboto-latin-ext-400-normal-BSFkPfbf.woff",
            "source_hash": null,
            "storage_class": "STANDARD",
            "tags": null,
            "tags_all": {},
            "version_id": "",
            "website_redirect": ""
          },
          "sensitive_attributes": [],
          "private": "bnVsbA==",
          "dependencies": [
            "aws_s3_bucket.s3_bucket"
          ]
        },
        {
          "index_key": "assets/roboto-latin-ext-400-normal-DgXbz5gU.woff2",
          "schema_version": 0,
          "attributes": {
            "acl": null,
            "arn": "arn:aws:s3:::terraform-credix-case-fabricio-ga3ok8su-bucket/assets/roboto-latin-ext-400-normal-DgXbz5gU.woff2",
            "bucket": "terraform-credix-case-fabricio-ga3ok8su-bucket",
            "bucket_key_enabled": false,
            "cache_control": "",
            "checksum_algorithm": null,
            "checksum_crc32": "",
            "checksum_crc32c": "",
            "checksum_sha1": "",
            "checksum_sha256": "",
            "content": null,
            "content_base64": null,
            "content_disposition": "",
            "content_encoding": "",
            "content_language": "",
            "content_type": "application/octet-stream",
            "etag": "0df72e634b7fef39e756cc3e9708582b",
            "force_destroy": false,
            "id": "assets/roboto-latin-ext-400-normal-DgXbz5gU.woff2",
            "key": "assets/roboto-latin-ext-400-normal-DgXbz5gU.woff2",
            "kms_key_id": null,
            "metadata": null,
            "object_lock_legal_hold_status": "",
            "object_lock_mode": "",
            "object_lock_retain_until_date": "",
            "override_provider": [],
            "server_side_encryption": "AES256",
            "source": "../front/dist/assets/roboto-latin-ext-400-normal-DgXbz5gU.woff2",
            "source_hash": null,
            "storage_class": "STANDARD",
            "tags": null,
            "tags_all": {},
            "version_id": "",
            "website_redirect": ""
          },
          "sensitive_attributes": [],
          "private": "bnVsbA==",
          "dependencies": [
            "aws_s3_bucket.s3_bucket"
          ]
        },
        {
          "index_key": "assets/roboto-latin-ext-500-normal-DvHxAkTn.woff",
          "schema_version": 0,
          "attributes": {
            "acl": null,
            "arn": "arn:aws:s3:::terraform-credix-case-fabricio-ga3ok8su-bucket/assets/roboto-latin-ext-500-normal-DvHxAkTn.woff",
            "bucket": "terraform-credix-case-fabricio-ga3ok8su-bucket",
            "bucket_key_enabled": false,
            "cache_control": "",
            "checksum_algorithm": null,
            "checksum_crc32": "",
            "checksum_crc32c": "",
            "checksum_sha1": "",
            "checksum_sha256": "",
            "content": null,
            "content_base64": null,
            "content_disposition": "",
            "content_encoding": "",
            "content_language": "",
            "content_type": "application/octet-stream",
            "etag": "fe3ae0a09053c4166016ad11a60fd248",
            "force_destroy": false,
            "id": "assets/roboto-latin-ext-500-normal-DvHxAkTn.woff",
            "key": "assets/roboto-latin-ext-500-normal-DvHxAkTn.woff",
            "kms_key_id": null,
            "metadata": null,
            "object_lock_legal_hold_status": "",
            "object_lock_mode": "",
            "object_lock_retain_until_date": "",
            "override_provider": [],
            "server_side_encryption": "AES256",
            "source": "../front/dist/assets/roboto-latin-ext-500-normal-DvHxAkTn.woff",
            "source_hash": null,
            "storage_class": "STANDARD",
            "tags": null,
            "tags_all": {},
            "version_id": "",
            "website_redirect": ""
          },
          "sensitive_attributes": [],
          "private": "bnVsbA==",
          "dependencies": [
            "aws_s3_bucket.s3_bucket"
          ]
        },
        {
          "index_key": "assets/roboto-latin-ext-500-normal-OQJhyaXd.woff2",
          "schema_version": 0,
          "attributes": {
            "acl": null,
            "arn": "arn:aws:s3:::terraform-credix-case-fabricio-ga3ok8su-bucket/assets/roboto-latin-ext-500-normal-OQJhyaXd.woff2",
            "bucket": "terraform-credix-case-fabricio-ga3ok8su-bucket",
            "bucket_key_enabled": false,
            "cache_control": "",
            "checksum_algorithm": null,
            "checksum_crc32": "",
            "checksum_crc32c": "",
            "checksum_sha1": "",
            "checksum_sha256": "",
            "content": null,
            "content_base64": null,
            "content_disposition": "",
            "content_encoding": "",
            "content_language": "",
            "content_type": "application/octet-stream",
            "etag": "f827d88683a8af61a8d3d4d15434aeea",
            "force_destroy": false,
            "id": "assets/roboto-latin-ext-500-normal-OQJhyaXd.woff2",
            "key": "assets/roboto-latin-ext-500-normal-OQJhyaXd.woff2",
            "kms_key_id": null,
            "metadata": null,
            "object_lock_legal_hold_status": "",
            "object_lock_mode": "",
            "object_lock_retain_until_date": "",
            "override_provider": [],
            "server_side_encryption": "AES256",
            "source": "../front/dist/assets/roboto-latin-ext-500-normal-OQJhyaXd.woff2",
            "source_hash": null,
            "storage_class": "STANDARD",
            "tags": null,
            "tags_all": {},
            "version_id": "",
            "website_redirect": ""
          },
          "sensitive_attributes": [],
          "private": "bnVsbA==",
          "dependencies": [
            "aws_s3_bucket.s3_bucket"
          ]
        },
        {
          "index_key": "assets/roboto-latin-ext-700-normal-Ba-CAIIA.woff",
          "schema_version": 0,
          "attributes": {
            "acl": null,
            "arn": "arn:aws:s3:::terraform-credix-case-fabricio-ga3ok8su-bucket/assets/roboto-latin-ext-700-normal-Ba-CAIIA.woff",
            "bucket": "terraform-credix-case-fabricio-ga3ok8su-bucket",
            "bucket_key_enabled": false,
            "cache_control": "",
            "checksum_algorithm": null,
            "checksum_crc32": "",
            "checksum_crc32c": "",
            "checksum_sha1": "",
            "checksum_sha256": "",
            "content": null,
            "content_base64": null,
            "content_disposition": "",
            "content_encoding": "",
            "content_language": "",
            "content_type": "application/octet-stream",
            "etag": "1bf02c90e414ac0e16ae06a0571fa60f",
            "force_destroy": false,
            "id": "assets/roboto-latin-ext-700-normal-Ba-CAIIA.woff",
            "key": "assets/roboto-latin-ext-700-normal-Ba-CAIIA.woff",
            "kms_key_id": null,
            "metadata": null,
            "object_lock_legal_hold_status": "",
            "object_lock_mode": "",
            "object_lock_retain_until_date": "",
            "override_provider": [],
            "server_side_encryption": "AES256",
            "source": "../front/dist/assets/roboto-latin-ext-700-normal-Ba-CAIIA.woff",
            "source_hash": null,
            "storage_class": "STANDARD",
            "tags": null,
            "tags_all": {},
            "version_id": "",
            "website_redirect": ""
          },
          "sensitive_attributes": [],
          "private": "bnVsbA==",
          "dependencies": [
            "aws_s3_bucket.s3_bucket"
          ]
        },
        {
          "index_key": "assets/roboto-latin-ext-700-normal-DchBbzVz.woff2",
          "schema_version": 0,
          "attributes": {
            "acl": null,
            "arn": "arn:aws:s3:::terraform-credix-case-fabricio-ga3ok8su-bucket/assets/roboto-latin-ext-700-normal-DchBbzVz.woff2",
            "bucket": "terraform-credix-case-fabricio-ga3ok8su-bucket",
            "bucket_key_enabled": false,
            "cache_control": "",
            "checksum_algorithm": null,
            "checksum_crc32": "",
            "checksum_crc32c": "",
            "checksum_sha1": "",
            "checksum_sha256": "",
            "content": null,
            "content_base64": null,
            "content_disposition": "",
            "content_encoding": "",
            "content_language": "",
            "content_type": "application/octet-stream",
            "etag": "4dd50877aa7d9431b8c4913a22adc8ec",
            "force_destroy": false,
            "id": "assets/roboto-latin-ext-700-normal-DchBbzVz.woff2",
            "key": "assets/roboto-latin-ext-700-normal-DchBbzVz.woff2",
            "kms_key_id": null,
            "metadata": null,
            "object_lock_legal_hold_status": "",
            "object_lock_mode": "",
            "object_lock_retain_until_date": "",
            "override_provider": [],
            "server_side_encryption": "AES256",
            "source": "../front/dist/assets/roboto-latin-ext-700-normal-DchBbzVz.woff2",
            "source_hash": null,
            "storage_class": "STANDARD",
            "tags": null,
            "tags_all": {},
            "version_id": "",
            "website_redirect": ""
          },
          "sensitive_attributes": [],
          "private": "bnVsbA==",
          "dependencies": [
            "aws_s3_bucket.s3_bucket"
          ]
        },
        {
          "index_key": "assets/roboto-vietnamese-300-normal-CAomnZLO.woff",
          "schema_version": 0,
          "attributes": {
            "acl": null,
            "arn": "arn:aws:s3:::terraform-credix-case-fabricio-ga3ok8su-bucket/assets/roboto-vietnamese-300-normal-CAomnZLO.woff",
            "bucket": "terraform-credix-case-fabricio-ga3ok8su-bucket",
            "bucket_key_enabled": false,
            "cache_control": "",
            "checksum_algorithm": null,
            "checksum_crc32": "",
            "checksum_crc32c": "",
            "checksum_sha1": "",
            "checksum_sha256": "",
            "content": null,
            "content_base64": null,
            "content_disposition": "",
            "content_encoding": "",
            "content_language": "",
            "content_type": "application/octet-stream",
            "etag": "701084ce815d58e75ec2b8e3a42adefd",
            "force_destroy": false,
            "id": "assets/roboto-vietnamese-300-normal-CAomnZLO.woff",
            "key": "assets/roboto-vietnamese-300-normal-CAomnZLO.woff",
            "kms_key_id": null,
            "metadata": null,
            "object_lock_legal_hold_status": "",
            "object_lock_mode": "",
            "object_lock_retain_until_date": "",
            "override_provider": [],
            "server_side_encryption": "AES256",
            "source": "../front/dist/assets/roboto-vietnamese-300-normal-CAomnZLO.woff",
            "source_hash": null,
            "storage_class": "STANDARD",
            "tags": null,
            "tags_all": {},
            "version_id": "",
            "website_redirect": ""
          },
          "sensitive_attributes": [],
          "private": "bnVsbA==",
          "dependencies": [
            "aws_s3_bucket.s3_bucket"
          ]
        },
        {
          "index_key": "assets/roboto-vietnamese-300-normal-PZa9KE_J.woff2",
          "schema_version": 0,
          "attributes": {
            "acl": null,
            "arn": "arn:aws:s3:::terraform-credix-case-fabricio-ga3ok8su-bucket/assets/roboto-vietnamese-300-normal-PZa9KE_J.woff2",
            "bucket": "terraform-credix-case-fabricio-ga3ok8su-bucket",
            "bucket_key_enabled": false,
            "cache_control": "",
            "checksum_algorithm": null,
            "checksum_crc32": "",
            "checksum_crc32c": "",
            "checksum_sha1": "",
            "checksum_sha256": "",
            "content": null,
            "content_base64": null,
            "content_disposition": "",
            "content_encoding": "",
            "content_language": "",
            "content_type": "application/octet-stream",
            "etag": "e7bcf4c4cb4ff2d2032c2bc8f8cd84bf",
            "force_destroy": false,
            "id": "assets/roboto-vietnamese-300-normal-PZa9KE_J.woff2",
            "key": "assets/roboto-vietnamese-300-normal-PZa9KE_J.woff2",
            "kms_key_id": null,
            "metadata": null,
            "object_lock_legal_hold_status": "",
            "object_lock_mode": "",
            "object_lock_retain_until_date": "",
            "override_provider": [],
            "server_side_encryption": "AES256",
            "source": "../front/dist/assets/roboto-vietnamese-300-normal-PZa9KE_J.woff2",
            "source_hash": null,
            "storage_class": "STANDARD",
            "tags": null,
            "tags_all": {},
            "version_id": "",
            "website_redirect": ""
          },
          "sensitive_attributes": [],
          "private": "bnVsbA==",
          "dependencies": [
            "aws_s3_bucket.s3_bucket"
          ]
        },
        {
          "index_key": "assets/roboto-vietnamese-400-normal-D5pJwT9g.woff",
          "schema_version": 0,
          "attributes": {
            "acl": null,
            "arn": "arn:aws:s3:::terraform-credix-case-fabricio-ga3ok8su-bucket/assets/roboto-vietnamese-400-normal-D5pJwT9g.woff",
            "bucket": "terraform-credix-case-fabricio-ga3ok8su-bucket",
            "bucket_key_enabled": false,
            "cache_control": "",
            "checksum_algorithm": null,
            "checksum_crc32": "",
            "checksum_crc32c": "",
            "checksum_sha1": "",
            "checksum_sha256": "",
            "content": null,
            "content_base64": null,
            "content_disposition": "",
            "content_encoding": "",
            "content_language": "",
            "content_type": "application/octet-stream",
            "etag": "ccd4da328bbeafce33da2be00938d8b3",
            "force_destroy": false,
            "id": "assets/roboto-vietnamese-400-normal-D5pJwT9g.woff",
            "key": "assets/roboto-vietnamese-400-normal-D5pJwT9g.woff",
            "kms_key_id": null,
            "metadata": null,
            "object_lock_legal_hold_status": "",
            "object_lock_mode": "",
            "object_lock_retain_until_date": "",
            "override_provider": [],
            "server_side_encryption": "AES256",
            "source": "../front/dist/assets/roboto-vietnamese-400-normal-D5pJwT9g.woff",
            "source_hash": null,
            "storage_class": "STANDARD",
            "tags": null,
            "tags_all": {},
            "version_id": "",
            "website_redirect": ""
          },
          "sensitive_attributes": [],
          "private": "bnVsbA==",
          "dependencies": [
            "aws_s3_bucket.s3_bucket"
          ]
        },
        {
          "index_key": "assets/roboto-vietnamese-400-normal-DhTUfTw_.woff2",
          "schema_version": 0,
          "attributes": {
            "acl": null,
            "arn": "arn:aws:s3:::terraform-credix-case-fabricio-ga3ok8su-bucket/assets/roboto-vietnamese-400-normal-DhTUfTw_.woff2",
            "bucket": "terraform-credix-case-fabricio-ga3ok8su-bucket",
            "bucket_key_enabled": false,
            "cache_control": "",
            "checksum_algorithm": null,
            "checksum_crc32": "",
            "checksum_crc32c": "",
            "checksum_sha1": "",
            "checksum_sha256": "",
            "content": null,
            "content_base64": null,
            "content_disposition": "",
            "content_encoding": "",
            "content_language": "",
            "content_type": "application/octet-stream",
            "etag": "d0ef1c16c2ff3e8387dcc45a03b84242",
            "force_destroy": false,
            "id": "assets/roboto-vietnamese-400-normal-DhTUfTw_.woff2",
            "key": "assets/roboto-vietnamese-400-normal-DhTUfTw_.woff2",
            "kms_key_id": null,
            "metadata": null,
            "object_lock_legal_hold_status": "",
            "object_lock_mode": "",
            "object_lock_retain_until_date": "",
            "override_provider": [],
            "server_side_encryption": "AES256",
            "source": "../front/dist/assets/roboto-vietnamese-400-normal-DhTUfTw_.woff2",
            "source_hash": null,
            "storage_class": "STANDARD",
            "tags": null,
            "tags_all": {},
            "version_id": "",
            "website_redirect": ""
          },
          "sensitive_attributes": [],
          "private": "bnVsbA==",
          "dependencies": [
            "aws_s3_bucket.s3_bucket"
          ]
        },
        {
          "index_key": "assets/roboto-vietnamese-500-normal-LvuCHq7y.woff",
          "schema_version": 0,
          "attributes": {
            "acl": null,
            "arn": "arn:aws:s3:::terraform-credix-case-fabricio-ga3ok8su-bucket/assets/roboto-vietnamese-500-normal-LvuCHq7y.woff",
            "bucket": "terraform-credix-case-fabricio-ga3ok8su-bucket",
            "bucket_key_enabled": false,
            "cache_control": "",
            "checksum_algorithm": null,
            "checksum_crc32": "",
            "checksum_crc32c": "",
            "checksum_sha1": "",
            "checksum_sha256": "",
            "content": null,
            "content_base64": null,
            "content_disposition": "",
            "content_encoding": "",
            "content_language": "",
            "content_type": "application/octet-stream",
            "etag": "f3919306c75b1eaacff757ba14bc3a75",
            "force_destroy": false,
            "id": "assets/roboto-vietnamese-500-normal-LvuCHq7y.woff",
            "key": "assets/roboto-vietnamese-500-normal-LvuCHq7y.woff",
            "kms_key_id": null,
            "metadata": null,
            "object_lock_legal_hold_status": "",
            "object_lock_mode": "",
            "object_lock_retain_until_date": "",
            "override_provider": [],
            "server_side_encryption": "AES256",
            "source": "../front/dist/assets/roboto-vietnamese-500-normal-LvuCHq7y.woff",
            "source_hash": null,
            "storage_class": "STANDARD",
            "tags": null,
            "tags_all": {},
            "version_id": "",
            "website_redirect": ""
          },
          "sensitive_attributes": [],
          "private": "bnVsbA==",
          "dependencies": [
            "aws_s3_bucket.s3_bucket"
          ]
        },
        {
          "index_key": "assets/roboto-vietnamese-500-normal-p0V0BAAE.woff2",
          "schema_version": 0,
          "attributes": {
            "acl": null,
            "arn": "arn:aws:s3:::terraform-credix-case-fabricio-ga3ok8su-bucket/assets/roboto-vietnamese-500-normal-p0V0BAAE.woff2",
            "bucket": "terraform-credix-case-fabricio-ga3ok8su-bucket",
            "bucket_key_enabled": false,
            "cache_control": "",
            "checksum_algorithm": null,
            "checksum_crc32": "",
            "checksum_crc32c": "",
            "checksum_sha1": "",
            "checksum_sha256": "",
            "content": null,
            "content_base64": null,
            "content_disposition": "",
            "content_encoding": "",
            "content_language": "",
            "content_type": "application/octet-stream",
            "etag": "b72e3134b1ede6705d26a56743beaad2",
            "force_destroy": false,
            "id": "assets/roboto-vietnamese-500-normal-p0V0BAAE.woff2",
            "key": "assets/roboto-vietnamese-500-normal-p0V0BAAE.woff2",
            "kms_key_id": null,
            "metadata": null,
            "object_lock_legal_hold_status": "",
            "object_lock_mode": "",
            "object_lock_retain_until_date": "",
            "override_provider": [],
            "server_side_encryption": "AES256",
            "source": "../front/dist/assets/roboto-vietnamese-500-normal-p0V0BAAE.woff2",
            "source_hash": null,
            "storage_class": "STANDARD",
            "tags": null,
            "tags_all": {},
            "version_id": "",
            "website_redirect": ""
          },
          "sensitive_attributes": [],
          "private": "bnVsbA==",
          "dependencies": [
            "aws_s3_bucket.s3_bucket"
          ]
        },
        {
          "index_key": "assets/roboto-vietnamese-700-normal-B4Nagvlm.woff",
          "schema_version": 0,
          "attributes": {
            "acl": null,
            "arn": "arn:aws:s3:::terraform-credix-case-fabricio-ga3ok8su-bucket/assets/roboto-vietnamese-700-normal-B4Nagvlm.woff",
            "bucket": "terraform-credix-case-fabricio-ga3ok8su-bucket",
            "bucket_key_enabled": false,
            "cache_control": "",
            "checksum_algorithm": null,
            "checksum_crc32": "",
            "checksum_crc32c": "",
            "checksum_sha1": "",
            "checksum_sha256": "",
            "content": null,
            "content_base64": null,
            "content_disposition": "",
            "content_encoding": "",
            "content_language": "",
            "content_type": "application/octet-stream",
            "etag": "e32e033d3fb1a8a649fc0af176909ee5",
            "force_destroy": false,
            "id": "assets/roboto-vietnamese-700-normal-B4Nagvlm.woff",
            "key": "assets/roboto-vietnamese-700-normal-B4Nagvlm.woff",
            "kms_key_id": null,
            "metadata": null,
            "object_lock_legal_hold_status": "",
            "object_lock_mode": "",
            "object_lock_retain_until_date": "",
            "override_provider": [],
            "server_side_encryption": "AES256",
            "source": "../front/dist/assets/roboto-vietnamese-700-normal-B4Nagvlm.woff",
            "source_hash": null,
            "storage_class": "STANDARD",
            "tags": null,
            "tags_all": {},
            "version_id": "",
            "website_redirect": ""
          },
          "sensitive_attributes": [],
          "private": "bnVsbA==",
          "dependencies": [
            "aws_s3_bucket.s3_bucket"
          ]
        },
        {
          "index_key": "assets/roboto-vietnamese-700-normal-CBbheh0s.woff2",
          "schema_version": 0,
          "attributes": {
            "acl": null,
            "arn": "arn:aws:s3:::terraform-credix-case-fabricio-ga3ok8su-bucket/assets/roboto-vietnamese-700-normal-CBbheh0s.woff2",
            "bucket": "terraform-credix-case-fabricio-ga3ok8su-bucket",
            "bucket_key_enabled": false,
            "cache_control": "",
            "checksum_algorithm": null,
            "checksum_crc32": "",
            "checksum_crc32c": "",
            "checksum_sha1": "",
            "checksum_sha256": "",
            "content": null,
            "content_base64": null,
            "content_disposition": "",
            "content_encoding": "",
            "content_language": "",
            "content_type": "application/octet-stream",
            "etag": "74df18fc53d11cda6d0c2c9a6316f2b5",
            "force_destroy": false,
            "id": "assets/roboto-vietnamese-700-normal-CBbheh0s.woff2",
            "key": "assets/roboto-vietnamese-700-normal-CBbheh0s.woff2",
            "kms_key_id": null,
            "metadata": null,
            "object_lock_legal_hold_status": "",
            "object_lock_mode": "",
            "object_lock_retain_until_date": "",
            "override_provider": [],
            "server_side_encryption": "AES256",
            "source": "../front/dist/assets/roboto-vietnamese-700-normal-CBbheh0s.woff2",
            "source_hash": null,
            "storage_class": "STANDARD",
            "tags": null,
            "tags_all": {},
            "version_id": "",
            "website_redirect": ""
          },
          "sensitive_attributes": [],
          "private": "bnVsbA==",
          "dependencies": [
            "aws_s3_bucket.s3_bucket"
          ]
        },
        {
          "index_key": "index.html",
          "schema_version": 0,
          "attributes": {
            "acl": null,
            "arn": "arn:aws:s3:::terraform-credix-case-fabricio-ga3ok8su-bucket/index.html",
            "bucket": "terraform-credix-case-fabricio-ga3ok8su-bucket",
            "bucket_key_enabled": false,
            "cache_control": "",
            "checksum_algorithm": null,
            "checksum_crc32": "",
            "checksum_crc32c": "",
            "checksum_sha1": "",
            "checksum_sha256": "",
            "content": null,
            "content_base64": null,
            "content_disposition": "",
            "content_encoding": "",
            "content_language": "",
            "content_type": "text/html",
            "etag": "c575cedcc0720b4cdc0c9da48a8f00aa",
            "force_destroy": false,
            "id": "index.html",
            "key": "index.html",
            "kms_key_id": null,
            "metadata": null,
            "object_lock_legal_hold_status": "",
            "object_lock_mode": "",
            "object_lock_retain_until_date": "",
            "override_provider": [],
            "server_side_encryption": "AES256",
            "source": "../front/dist/index.html",
            "source_hash": null,
            "storage_class": "STANDARD",
            "tags": null,
            "tags_all": {},
            "version_id": "",
            "website_redirect": ""
          },
          "sensitive_attributes": [],
          "private": "bnVsbA==",
          "dependencies": [
            "aws_s3_bucket.s3_bucket"
          ]
        },
        {
          "index_key": "vite.svg",
          "schema_version": 0,
          "attributes": {
            "acl": null,
            "arn": "arn:aws:s3:::terraform-credix-case-fabricio-ga3ok8su-bucket/vite.svg",
            "bucket": "terraform-credix-case-fabricio-ga3ok8su-bucket",
            "bucket_key_enabled": false,
            "cache_control": "",
            "checksum_algorithm": null,
            "checksum_crc32": "",
            "checksum_crc32c": "",
            "checksum_sha1": "",
            "checksum_sha256": "",
            "content": null,
            "content_base64": null,
            "content_disposition": "",
            "content_encoding": "",
            "content_language": "",
            "content_type": "image/svg+xml",
            "etag": "8e3a10e157f75ada21ab742c022d5430",
            "force_destroy": false,
            "id": "vite.svg",
            "key": "vite.svg",
            "kms_key_id": null,
            "metadata": null,
            "object_lock_legal_hold_status": "",
            "object_lock_mode": "",
            "object_lock_retain_until_date": "",
            "override_provider": [],
            "server_side_encryption": "AES256",
            "source": "../front/dist/vite.svg",
            "source_hash": null,
            "storage_class": "STANDARD",
            "tags": null,
            "tags_all": {},
            "version_id": "",
            "website_redirect": ""
          },
          "sensitive_attributes": [],
          "private": "bnVsbA==",
          "dependencies": [
            "aws_s3_bucket.s3_bucket"
          ]
        }
      ]
    },
    {
      "mode": "managed",
      "type": "aws_security_group",
      "name": "alb_sg",
      "provider": "provider[\"registry.terraform.io/hashicorp/aws\"]",
      "instances": [
        {
          "schema_version": 1,
          "attributes": {
            "arn": "arn:aws:ec2:us-east-1:481665116783:security-group/sg-04ee7ad7f7709dfd8",
            "description": "Allow HTTP/HTTPS inbound traffic",
            "egress": [
              {
                "cidr_blocks": [
                  "0.0.0.0/0"
                ],
                "description": "",
                "from_port": 0,
                "ipv6_cidr_blocks": [],
                "prefix_list_ids": [],
                "protocol": "-1",
                "security_groups": [],
                "self": false,
                "to_port": 0
              }
            ],
            "id": "sg-04ee7ad7f7709dfd8",
            "ingress": [
              {
                "cidr_blocks": [
                  "0.0.0.0/0"
                ],
                "description": "",
                "from_port": 443,
                "ipv6_cidr_blocks": [],
                "prefix_list_ids": [],
                "protocol": "tcp",
                "security_groups": [],
                "self": false,
                "to_port": 443
              },
              {
                "cidr_blocks": [
                  "0.0.0.0/0"
                ],
                "description": "",
                "from_port": 80,
                "ipv6_cidr_blocks": [],
                "prefix_list_ids": [],
                "protocol": "tcp",
                "security_groups": [],
                "self": false,
                "to_port": 80
              }
            ],
            "name": "credix-case-fabricio-alb-sg",
            "name_prefix": "",
            "owner_id": "481665116783",
            "revoke_rules_on_delete": false,
            "tags": null,
            "tags_all": {},
            "timeouts": null,
            "vpc_id": "vpc-042eae7290a30c590"
          },
          "sensitive_attributes": [],
          "private": "eyJlMmJmYjczMC1lY2FhLTExZTYtOGY4OC0zNDM2M2JjN2M0YzAiOnsiY3JlYXRlIjo2MDAwMDAwMDAwMDAsImRlbGV0ZSI6OTAwMDAwMDAwMDAwfSwic2NoZW1hX3ZlcnNpb24iOiIxIn0=",
          "dependencies": [
            "data.aws_vpc.default"
          ]
        }
      ]
    },
    {
      "mode": "managed",
      "type": "aws_security_group",
      "name": "ecs_sg",
      "provider": "provider[\"registry.terraform.io/hashicorp/aws\"]",
      "instances": [
        {
          "schema_version": 1,
          "attributes": {
            "arn": "arn:aws:ec2:us-east-1:481665116783:security-group/sg-07136a03e58b5c31a",
            "description": "Allow traffic from ALB to ECS tasks",
            "egress": [
              {
                "cidr_blocks": [
                  "0.0.0.0/0"
                ],
                "description": "",
                "from_port": 0,
                "ipv6_cidr_blocks": [],
                "prefix_list_ids": [],
                "protocol": "-1",
                "security_groups": [],
                "self": false,
                "to_port": 0
              }
            ],
            "id": "sg-07136a03e58b5c31a",
            "ingress": [
              {
                "cidr_blocks": [],
                "description": "",
                "from_port": 8000,
                "ipv6_cidr_blocks": [],
                "prefix_list_ids": [],
                "protocol": "tcp",
                "security_groups": [
                  "sg-04ee7ad7f7709dfd8"
                ],
                "self": false,
                "to_port": 8000
              }
            ],
            "name": "credix-case-fabricio-ecs-sg",
            "name_prefix": "",
            "owner_id": "481665116783",
            "revoke_rules_on_delete": false,
            "tags": null,
            "tags_all": {},
            "timeouts": null,
            "vpc_id": "vpc-042eae7290a30c590"
          },
          "sensitive_attributes": [],
          "private": "eyJlMmJmYjczMC1lY2FhLTExZTYtOGY4OC0zNDM2M2JjN2M0YzAiOnsiY3JlYXRlIjo2MDAwMDAwMDAwMDAsImRlbGV0ZSI6OTAwMDAwMDAwMDAwfSwic2NoZW1hX3ZlcnNpb24iOiIxIn0=",
          "dependencies": [
            "aws_security_group.alb_sg",
            "data.aws_vpc.default"
          ]
        }
      ]
    }
  ],
  "check_results": null
}
